{
  "version": 4,
  "terraform_version": "0.15.3",
  "serial": 17,
  "lineage": "cc5ca185-378e-ea1c-4cd7-d6e718c80087",
  "outputs": {
    "public_ip_address": {
      "value": "40.113.142.148",
      "type": "string"
    },
    "tls_private_key": {
      "value": "-----BEGIN RSA PRIVATE KEY-----\nMIIJKAIBAAKCAgEA3W1lWFzPZD4kNaLdn+IYxqvIgJshpXMg1Aze1wqiD0wzuxXe\nkwq7IjLfeIXbzBXyoHwtHmnbkAnN2IpnszlvIkP6rCwghW/jevy4/RYZ+qLh6R3l\nloH9myhkpRUTPuEaVOtlbJTpQti2YPJmxsTHgSXrPamC31iWSo8xohvfXjmb0tOA\n1ZrlVOF+5W+qo9tWwpKIH9Fn9A359s6O8uoIt7W5FI3KdsFWTZzqnp96AwA7EOuT\nHCfQTGjQffEGC6iiDQUbm4bQEhlUywKxlOXtdHzpT0pEJAIhHd/PZp5WOtWocWkt\n8Yy/nuU+KT9I0wwtJxV3ZVXp9IxZEvE35KTMKMF1GpDuag/D4Ql3mEvq1oahfuwQ\nnCx0jmff1f13a+ZJNxkxS1fpO7WvKRJiQQuNX0pjfy3a7y/5R1SS5SrPbwA2xrns\nY5jQPHsiNt0euPsg9tgLSYst8Lunxmrb2hYoFKLG8xnkWuEDv5QaCBJhCjP+/2pT\nTCOc0PFyE6YzkVpEFtuUp58Gc/d7F24ftZZlLGuLy8Hj4eFmoQko+Y+FObmmV+Qv\nccXZbJHRrcjY/8G4uC/qABxSPLZyv1crvR1Ph+3TL/afW3lSWWZnjtHsg/CosQ5D\n+cdtjFbTjX/WZ72Ae4QjdA2DSY9YYapZNhm5pvdxj9VjtU7bLhtBRWJQt48CAwEA\nAQKCAgAL6qJEoiILLAj41f4FZ76bmo0c1rx10f9XSiYH/quAFULHc8LZuP8fNQuv\nycxtbFT1bBllhJ7rXou0dqZkD9g6SNxJvco2RDJC4Sz3eeQGCBQOXqyHcBF88yyP\ncdXqUWUAYva/ZDg1f8I473K2icqO2cKSO/guGu9jrdcm+UcJJCKNsxJA7Kgg7E3O\n/TZ6wQgnSomG5NcqXEIylSU+T3gOovoF8CeQQpFpdeNui/ieBronC/aL0ly0cAOg\nc4M2x2mJN9gng5bZEoHstwVllQY1ea94s+983Jx5phzcUfMkEXGSQO3XDRMW8xFo\nWN6LdSFM9CvLyVbg8Vit20t9w5y1DyvQLejNjSFvjsmFEEEBOSOi/gUX7w7gSIeo\n7p7H8ckI83wD63kA0fuGJgCu61xF93eb4VswCMaZX+xnbUNmeupGuO4W38KU7Nxz\nCc5fb6Y+bn57xugAPRDndYkPanCev8isDswRvIEzOlbhRuCLp0wbbsFT8CZjmVEE\n7OWHkQ+l3owoA7NKC/f+6pqKkf/cHrbt0fj8uBP5woe8i8fEAbObo6mZr3u8QRRU\nJIvEdrqZuCQsL3Cn+87WOL49ekamosCB6QXKeMGejb4piiZK5edQF9dXzTg+GZw7\nTHYOINn6zQS9zhKfdYiVG8a1cp12n6cXtykr9Me3kXKDIGiWiQKCAQEA7TNa4gD9\neFHQBMQTneY6KQ71hbW54QiUob5EWmT1AiXzBZsdvS8L7KJcLXSedZAlnKwpZvZt\nvFGT1YcxN063tbOtZgn3xwwFCwm4i484RsHkxEhoC2u2PIrv0QYQoAjHvVAEVejp\n5Y/EXrYfVBU3797tZc0beNWd2FaqezEd0eFOLCje7ZeW8nvtbmwA90egjrJsfaz3\nJQhESFrBIs6sGP4WfxDTEHWOUcSV7PYwlp/qdxi0ZN200ukP82qmhL7PiRy5vbVx\nO+23DNqFr2ZLa3YkvK7emVVBZuWtHa0RDhdDkv0eeo/t4fKjK6yTJgos/llhZmKM\n1lccsMqFzpZdKwKCAQEA7voC6k0zQYIhQsEHkC503rUmNDGpBAOTnsuY3/1ybCjf\nuqzLb9YcHc1H4lPWaCzjeAkcXcmfJA7nNcDFnOyFL5n9JoimejLIf78UHHj8BXhA\nQksG2dmpiyar4+eSxSmX6vNHWvIKFy8xK80uqIjAo86UUGQGm13mZjfF72LOzJkn\nUbbwaAeYoK8dCRrCvGhe5GTpCTf0mjRGprZVyIIExlsTNm5vmJ3hh6XvzWA7Wn0n\nPEXpr2j1mbvpDQ6EqrOjmv6PqRN4GYfQfHvit0JHmnLt7nmfh83fPB4BblRo+52A\n41HTAsUVjQW+La9g4L9taGJ6xb/TMHb6UpQHuvGFLQKCAQBNYLpeDZqiHHYyh9Aq\na0c/y5x2YODhMw5hcRMVNefjKoQLqR1bcLSAHjrZrThf+4T5hgP/jZYgn7ANMQvy\nEeDGCnYfWlMVAKvIfQRRqofeNTQuf7xJNXr+ZwhydHsJ6bNW43p2mANtGqghiWHQ\n6RcVTfC9i9pRYcYbI7J7e3tR0yDQMQkAErpwIdNDeUIbaKdMxZG0sa7xyq+Ttt9Y\nPnlPsdue2dswfFjP/cQ2x9zz1fkDnvCCEv0A7HyCmKD3ntNO1CsXYtAsj5BuRf7k\nSAeEZ8b2Mkl1VaV/Lp95ldKBeT9W/PFrY/ZjBecKwUJDX4Br/LZUUwPEjChU18ws\np0p/AoIBAQDsyPwqe+PVfMLICcscqWtTX9pCzRHS0Fhsdv86sT22vakwphXM8jFZ\nthULxFYlUpTwUtawdx4f9ERTlnY3ToOI7uNOUwfg/IB9Uy7yJ05PfR7ukLhxEqJT\nJjYa01Ex2kyUmAiTrE8jObdW1y7r/tQheoaqQPHq79diYNDWqOiPARFcfg8mhKBO\nVjRG2SUq2Z9sXjAo2jCaukFm3jORQILKp2MaA8K/TXAxn9FDhZ5JwsgliIBLNYxk\njzQTo9b/7I6m/KQLuya85T1GmtnBCwM3nbjzGb9gKDSQtIpmb2y2IxGaK3EQxYbc\n/Fu7mJI9Hm+hhjJvzenLk5fkSph+OuDhAoIBAELAxce5AcsXuvvauckd0l5uuGbZ\nLrSFR3jInyhjNv8xEq7ethWpCRAwNsVz/Rup9sclEx3R1Zgh1bE1+LDwEgeRgdnO\nPsWOhZexDz98jYOy2AJP1O0GpZcc7YQy4hgdMrT2fVxn63y6nWI7gaPBtvoKGC5h\nsa71F0wJhcNfZtBTavctdfBUtyb4CcCqVuCr0LXQ+DPAYIMdddtYIVeiRizX94ae\nWEy3syl9vfn+O+ufUfPvEcVH/EJkSCRRpJtSK4mxqr91ySZpb3PCaOTLDmYUrWhr\nNa28I9E1UeQ8KCYn/A3CK6Y4Q3tq1TOMomM5tTSwvIqJqgwyysNZa1OG6tU=\n-----END RSA PRIVATE KEY-----\n",
      "type": "string",
      "sensitive": true
    }
  },
  "resources": [
    {
      "mode": "data",
      "type": "azurerm_public_ip",
      "name": "mainDev",
      "provider": "provider[\"registry.terraform.io/hashicorp/azurerm\"]",
      "instances": [
        {
          "schema_version": 0,
          "attributes": {
            "allocation_method": "Static",
            "domain_name_label": "",
            "fqdn": "",
            "id": "/subscriptions/3ec335d6-1a42-463b-95e2-4fde3269c94d/resourceGroups/development-resource_group/providers/Microsoft.Network/publicIPAddresses/development-acceptancePublicIp",
            "idle_timeout_in_minutes": 4,
            "ip_address": "40.113.142.148",
            "ip_tags": {},
            "ip_version": "IPv4",
            "location": "westeurope",
            "name": "development-acceptancePublicIp",
            "resource_group_name": "development-resource_group",
            "reverse_fqdn": "",
            "sku": "Basic",
            "tags": {
              "Environment": "Development",
              "Team": "Team 5",
              "Version": "1"
            },
            "timeouts": null,
            "zones": []
          },
          "sensitive_attributes": []
        }
      ]
    },
    {
      "mode": "managed",
      "type": "azurerm_network_interface",
      "name": "mainDev",
      "provider": "provider[\"registry.terraform.io/hashicorp/azurerm\"]",
      "instances": [
        {
          "schema_version": 0,
          "attributes": {
            "applied_dns_servers": [],
            "dns_servers": [],
            "enable_accelerated_networking": false,
            "enable_ip_forwarding": false,
            "id": "/subscriptions/3ec335d6-1a42-463b-95e2-4fde3269c94d/resourceGroups/development-resource_group/providers/Microsoft.Network/networkInterfaces/development-nic",
            "internal_dns_name_label": "",
            "internal_domain_name_suffix": "yxqegtk2zi0uzaki4w1brzvlmg.ax.internal.cloudapp.net",
            "ip_configuration": [
              {
                "name": "development-NicConfiguration",
                "primary": true,
                "private_ip_address": "10.0.1.4",
                "private_ip_address_allocation": "Dynamic",
                "private_ip_address_version": "IPv4",
                "public_ip_address_id": "/subscriptions/3ec335d6-1a42-463b-95e2-4fde3269c94d/resourceGroups/development-resource_group/providers/Microsoft.Network/publicIPAddresses/development-acceptancePublicIp",
                "subnet_id": "/subscriptions/3ec335d6-1a42-463b-95e2-4fde3269c94d/resourceGroups/development-resource_group/providers/Microsoft.Network/virtualNetworks/development-vnet/subnets/development-subnet"
              }
            ],
            "location": "westeurope",
            "mac_address": "",
            "name": "development-nic",
            "private_ip_address": "10.0.1.4",
            "private_ip_addresses": [
              "10.0.1.4"
            ],
            "resource_group_name": "development-resource_group",
            "tags": {},
            "timeouts": null,
            "virtual_machine_id": ""
          },
          "sensitive_attributes": [],
          "private": "eyJlMmJmYjczMC1lY2FhLTExZTYtOGY4OC0zNDM2M2JjN2M0YzAiOnsiY3JlYXRlIjoxODAwMDAwMDAwMDAwLCJkZWxldGUiOjE4MDAwMDAwMDAwMDAsInJlYWQiOjMwMDAwMDAwMDAwMCwidXBkYXRlIjoxODAwMDAwMDAwMDAwfX0=",
          "dependencies": [
            "azurerm_resource_group.mainDev",
            "azurerm_subnet.mainDev",
            "azurerm_virtual_network.mainDev",
            "azurerm_public_ip.mainDev"
          ]
        }
      ]
    },
    {
      "mode": "managed",
      "type": "azurerm_network_interface_security_group_association",
      "name": "mainDev",
      "provider": "provider[\"registry.terraform.io/hashicorp/azurerm\"]",
      "instances": [
        {
          "schema_version": 0,
          "attributes": {
            "id": "/subscriptions/3ec335d6-1a42-463b-95e2-4fde3269c94d/resourceGroups/development-resource_group/providers/Microsoft.Network/networkInterfaces/development-nic|/subscriptions/3ec335d6-1a42-463b-95e2-4fde3269c94d/resourceGroups/development-resource_group/providers/Microsoft.Network/networkSecurityGroups/development-nsg",
            "network_interface_id": "/subscriptions/3ec335d6-1a42-463b-95e2-4fde3269c94d/resourceGroups/development-resource_group/providers/Microsoft.Network/networkInterfaces/development-nic",
            "network_security_group_id": "/subscriptions/3ec335d6-1a42-463b-95e2-4fde3269c94d/resourceGroups/development-resource_group/providers/Microsoft.Network/networkSecurityGroups/development-nsg",
            "timeouts": null
          },
          "sensitive_attributes": [],
          "private": "eyJlMmJmYjczMC1lY2FhLTExZTYtOGY4OC0zNDM2M2JjN2M0YzAiOnsiY3JlYXRlIjoxODAwMDAwMDAwMDAwLCJkZWxldGUiOjE4MDAwMDAwMDAwMDAsInJlYWQiOjMwMDAwMDAwMDAwMCwidXBkYXRlIjoxODAwMDAwMDAwMDAwfX0=",
          "dependencies": [
            "azurerm_network_interface.mainDev",
            "azurerm_network_security_group.mainDev",
            "azurerm_public_ip.mainDev",
            "azurerm_resource_group.mainDev",
            "azurerm_subnet.mainDev",
            "azurerm_virtual_network.mainDev"
          ]
        }
      ]
    },
    {
      "mode": "managed",
      "type": "azurerm_network_security_group",
      "name": "mainDev",
      "provider": "provider[\"registry.terraform.io/hashicorp/azurerm\"]",
      "instances": [
        {
          "schema_version": 0,
          "attributes": {
            "id": "/subscriptions/3ec335d6-1a42-463b-95e2-4fde3269c94d/resourceGroups/development-resource_group/providers/Microsoft.Network/networkSecurityGroups/development-nsg",
            "location": "westeurope",
            "name": "development-nsg",
            "resource_group_name": "development-resource_group",
            "security_rule": [
              {
                "access": "Allow",
                "description": "",
                "destination_address_prefix": "*",
                "destination_address_prefixes": [],
                "destination_application_security_group_ids": [],
                "destination_port_range": "22",
                "destination_port_ranges": [],
                "direction": "Inbound",
                "name": "SSH",
                "priority": 1000,
                "protocol": "Tcp",
                "source_address_prefix": "*",
                "source_address_prefixes": [],
                "source_application_security_group_ids": [],
                "source_port_range": "*",
                "source_port_ranges": []
              }
            ],
            "tags": {},
            "timeouts": null
          },
          "sensitive_attributes": [],
          "private": "eyJlMmJmYjczMC1lY2FhLTExZTYtOGY4OC0zNDM2M2JjN2M0YzAiOnsiY3JlYXRlIjoxODAwMDAwMDAwMDAwLCJkZWxldGUiOjE4MDAwMDAwMDAwMDAsInJlYWQiOjMwMDAwMDAwMDAwMCwidXBkYXRlIjoxODAwMDAwMDAwMDAwfX0=",
          "dependencies": [
            "azurerm_resource_group.mainDev"
          ]
        }
      ]
    },
    {
      "mode": "managed",
      "type": "azurerm_public_ip",
      "name": "mainDev",
      "provider": "provider[\"registry.terraform.io/hashicorp/azurerm\"]",
      "instances": [
        {
          "schema_version": 0,
          "attributes": {
            "allocation_method": "Static",
            "domain_name_label": null,
            "fqdn": null,
            "id": "/subscriptions/3ec335d6-1a42-463b-95e2-4fde3269c94d/resourceGroups/development-resource_group/providers/Microsoft.Network/publicIPAddresses/development-acceptancePublicIp",
            "idle_timeout_in_minutes": 4,
            "ip_address": "40.113.142.148",
            "ip_tags": {},
            "ip_version": "IPv4",
            "location": "westeurope",
            "name": "development-acceptancePublicIp",
            "public_ip_prefix_id": null,
            "resource_group_name": "development-resource_group",
            "reverse_fqdn": null,
            "sku": "Basic",
            "tags": {
              "Environment": "Development",
              "Team": "Team 5",
              "Version": "1"
            },
            "timeouts": null,
            "zones": []
          },
          "sensitive_attributes": [],
          "private": "eyJlMmJmYjczMC1lY2FhLTExZTYtOGY4OC0zNDM2M2JjN2M0YzAiOnsiY3JlYXRlIjoxODAwMDAwMDAwMDAwLCJkZWxldGUiOjE4MDAwMDAwMDAwMDAsInJlYWQiOjMwMDAwMDAwMDAwMCwidXBkYXRlIjoxODAwMDAwMDAwMDAwfX0=",
          "dependencies": [
            "azurerm_resource_group.mainDev"
          ]
        }
      ]
    },
    {
      "mode": "managed",
      "type": "azurerm_resource_group",
      "name": "mainDev",
      "provider": "provider[\"registry.terraform.io/hashicorp/azurerm\"]",
      "instances": [
        {
          "schema_version": 0,
          "attributes": {
            "id": "/subscriptions/3ec335d6-1a42-463b-95e2-4fde3269c94d/resourceGroups/development-resource_group",
            "location": "westeurope",
            "name": "development-resource_group",
            "tags": {
              "Environment": "Development",
              "Team": "Team 5",
              "Version": "1"
            },
            "timeouts": null
          },
          "sensitive_attributes": [],
          "private": "eyJlMmJmYjczMC1lY2FhLTExZTYtOGY4OC0zNDM2M2JjN2M0YzAiOnsiY3JlYXRlIjo1NDAwMDAwMDAwMDAwLCJkZWxldGUiOjU0MDAwMDAwMDAwMDAsInJlYWQiOjMwMDAwMDAwMDAwMCwidXBkYXRlIjo1NDAwMDAwMDAwMDAwfX0="
        }
      ]
    },
    {
      "mode": "managed",
      "type": "azurerm_subnet",
      "name": "mainDev",
      "provider": "provider[\"registry.terraform.io/hashicorp/azurerm\"]",
      "instances": [
        {
          "schema_version": 0,
          "attributes": {
            "address_prefix": "10.0.1.0/24",
            "address_prefixes": [
              "10.0.1.0/24"
            ],
            "delegation": [],
            "enforce_private_link_endpoint_network_policies": false,
            "enforce_private_link_service_network_policies": false,
            "id": "/subscriptions/3ec335d6-1a42-463b-95e2-4fde3269c94d/resourceGroups/development-resource_group/providers/Microsoft.Network/virtualNetworks/development-vnet/subnets/development-subnet",
            "name": "development-subnet",
            "resource_group_name": "development-resource_group",
            "service_endpoint_policy_ids": [],
            "service_endpoints": [],
            "timeouts": null,
            "virtual_network_name": "development-vnet"
          },
          "sensitive_attributes": [],
          "private": "eyJlMmJmYjczMC1lY2FhLTExZTYtOGY4OC0zNDM2M2JjN2M0YzAiOnsiY3JlYXRlIjoxODAwMDAwMDAwMDAwLCJkZWxldGUiOjE4MDAwMDAwMDAwMDAsInJlYWQiOjMwMDAwMDAwMDAwMCwidXBkYXRlIjoxODAwMDAwMDAwMDAwfX0=",
          "dependencies": [
            "azurerm_resource_group.mainDev",
            "azurerm_virtual_network.mainDev"
          ]
        }
      ]
    },
    {
      "mode": "managed",
      "type": "azurerm_virtual_machine",
      "name": "mainDev_1",
      "provider": "provider[\"registry.terraform.io/hashicorp/azurerm\"]",
      "instances": [
        {
          "schema_version": 0,
          "attributes": {
            "additional_capabilities": [],
            "availability_set_id": null,
            "boot_diagnostics": [],
            "delete_data_disks_on_termination": false,
            "delete_os_disk_on_termination": false,
            "id": "/subscriptions/3ec335d6-1a42-463b-95e2-4fde3269c94d/resourceGroups/development-resource_group/providers/Microsoft.Compute/virtualMachines/development-vm",
            "identity": [],
            "license_type": null,
            "location": "westeurope",
            "name": "development-vm",
            "network_interface_ids": [
              "/subscriptions/3ec335d6-1a42-463b-95e2-4fde3269c94d/resourceGroups/development-resource_group/providers/Microsoft.Network/networkInterfaces/development-nic"
            ],
            "os_profile": [
              {
                "admin_password": "",
                "admin_username": "codehubTeam5",
                "computer_name": "development-mycomputer",
                "custom_data": ""
              }
            ],
            "os_profile_linux_config": [
              {
                "disable_password_authentication": true,
                "ssh_keys": [
                  {
                    "key_data": "ssh-rsa AAAAB3NzaC1yc2EAAAADAQABAAACAQDdbWVYXM9kPiQ1ot2f4hjGq8iAmyGlcyDUDN7XCqIPTDO7Fd6TCrsiMt94hdvMFfKgfC0eaduQCc3YimezOW8iQ/qsLCCFb+N6/Lj9Fhn6ouHpHeWWgf2bKGSlFRM+4RpU62VslOlC2LZg8mbGxMeBJes9qYLfWJZKjzGiG99eOZvS04DVmuVU4X7lb6qj21bCkogf0Wf0Dfn2zo7y6gi3tbkUjcp2wVZNnOqen3oDADsQ65McJ9BMaNB98QYLqKINBRubhtASGVTLArGU5e10fOlPSkQkAiEd389mnlY61ahxaS3xjL+e5T4pP0jTDC0nFXdlVen0jFkS8TfkpMwowXUakO5qD8PhCXeYS+rWhqF+7BCcLHSOZ9/V/Xdr5kk3GTFLV+k7ta8pEmJBC41fSmN/LdrvL/lHVJLlKs9vADbGuexjmNA8eyI23R64+yD22AtJiy3wu6fGatvaFigUosbzGeRa4QO/lBoIEmEKM/7/alNMI5zQ8XITpjORWkQW25SnnwZz93sXbh+1lmUsa4vLwePh4WahCSj5j4U5uaZX5C9xxdlskdGtyNj/wbi4L+oAHFI8tnK/Vyu9HU+H7dMv9p9beVJZZmeO0eyD8KixDkP5x22MVtONf9ZnvYB7hCN0DYNJj1hhqlk2Gbmm93GP1WO1TtsuG0FFYlC3jw==",
                    "path": "/home/codehubTeam5/.ssh/authorized_keys"
                  }
                ]
              }
            ],
            "os_profile_secrets": [],
            "os_profile_windows_config": [],
            "plan": [],
            "primary_network_interface_id": null,
            "proximity_placement_group_id": null,
            "resource_group_name": "development-resource_group",
            "storage_data_disk": [],
            "storage_image_reference": [
              {
                "id": "",
                "offer": "UbuntuServer",
                "publisher": "Canonical",
                "sku": "18.04-LTS",
                "version": "latest"
              }
            ],
            "storage_os_disk": [
              {
                "caching": "ReadWrite",
                "create_option": "FromImage",
                "disk_size_gb": 30,
                "image_uri": "",
                "managed_disk_id": "/subscriptions/3ec335d6-1a42-463b-95e2-4fde3269c94d/resourceGroups/development-resource_group/providers/Microsoft.Compute/disks/development-osdisk",
                "managed_disk_type": "Standard_LRS",
                "name": "development-osdisk",
                "os_type": "Linux",
                "vhd_uri": "",
                "write_accelerator_enabled": false
              }
            ],
            "tags": {
              "Environment": "Development",
              "Team": "Team 5",
              "Version": "1"
            },
            "timeouts": null,
            "vm_size": "Standard_DS1_v2",
            "zones": null
          },
          "sensitive_attributes": [],
          "private": "eyJlMmJmYjczMC1lY2FhLTExZTYtOGY4OC0zNDM2M2JjN2M0YzAiOnsiY3JlYXRlIjozNjAwMDAwMDAwMDAwLCJkZWxldGUiOjM2MDAwMDAwMDAwMDAsInJlYWQiOjMwMDAwMDAwMDAwMCwidXBkYXRlIjozNjAwMDAwMDAwMDAwfX0=",
          "dependencies": [
            "azurerm_network_interface.mainDev",
            "azurerm_resource_group.mainDev",
            "tls_private_key.example_ssh"
          ]
        }
      ]
    },
    {
      "mode": "managed",
      "type": "azurerm_virtual_network",
      "name": "mainDev",
      "provider": "provider[\"registry.terraform.io/hashicorp/azurerm\"]",
      "instances": [
        {
          "schema_version": 0,
          "attributes": {
            "address_space": [
              "10.0.0.0/16"
            ],
            "bgp_community": "",
            "ddos_protection_plan": [],
            "dns_servers": [],
            "guid": "4d43e0c5-ca5c-4c35-8148-f5b618e6ab66",
            "id": "/subscriptions/3ec335d6-1a42-463b-95e2-4fde3269c94d/resourceGroups/development-resource_group/providers/Microsoft.Network/virtualNetworks/development-vnet",
            "location": "westeurope",
            "name": "development-vnet",
            "resource_group_name": "development-resource_group",
            "subnet": [
              {
                "address_prefix": "10.0.1.0/24",
                "id": "/subscriptions/3ec335d6-1a42-463b-95e2-4fde3269c94d/resourceGroups/development-resource_group/providers/Microsoft.Network/virtualNetworks/development-vnet/subnets/development-subnet",
                "name": "development-subnet",
                "security_group": ""
              }
            ],
            "tags": {},
            "timeouts": null,
            "vm_protection_enabled": false
          },
          "sensitive_attributes": [],
          "private": "eyJlMmJmYjczMC1lY2FhLTExZTYtOGY4OC0zNDM2M2JjN2M0YzAiOnsiY3JlYXRlIjoxODAwMDAwMDAwMDAwLCJkZWxldGUiOjE4MDAwMDAwMDAwMDAsInJlYWQiOjMwMDAwMDAwMDAwMCwidXBkYXRlIjoxODAwMDAwMDAwMDAwfX0=",
          "dependencies": [
            "azurerm_resource_group.mainDev"
          ]
        }
      ]
    },
    {
      "mode": "managed",
      "type": "tls_private_key",
      "name": "example_ssh",
      "provider": "provider[\"registry.terraform.io/hashicorp/tls\"]",
      "instances": [
        {
          "schema_version": 0,
          "attributes": {
            "algorithm": "RSA",
            "ecdsa_curve": "P224",
            "id": "ba7b97c683ea762fb9f090342627478be28e40e2",
            "private_key_pem": "-----BEGIN RSA PRIVATE KEY-----\nMIIJKAIBAAKCAgEA3W1lWFzPZD4kNaLdn+IYxqvIgJshpXMg1Aze1wqiD0wzuxXe\nkwq7IjLfeIXbzBXyoHwtHmnbkAnN2IpnszlvIkP6rCwghW/jevy4/RYZ+qLh6R3l\nloH9myhkpRUTPuEaVOtlbJTpQti2YPJmxsTHgSXrPamC31iWSo8xohvfXjmb0tOA\n1ZrlVOF+5W+qo9tWwpKIH9Fn9A359s6O8uoIt7W5FI3KdsFWTZzqnp96AwA7EOuT\nHCfQTGjQffEGC6iiDQUbm4bQEhlUywKxlOXtdHzpT0pEJAIhHd/PZp5WOtWocWkt\n8Yy/nuU+KT9I0wwtJxV3ZVXp9IxZEvE35KTMKMF1GpDuag/D4Ql3mEvq1oahfuwQ\nnCx0jmff1f13a+ZJNxkxS1fpO7WvKRJiQQuNX0pjfy3a7y/5R1SS5SrPbwA2xrns\nY5jQPHsiNt0euPsg9tgLSYst8Lunxmrb2hYoFKLG8xnkWuEDv5QaCBJhCjP+/2pT\nTCOc0PFyE6YzkVpEFtuUp58Gc/d7F24ftZZlLGuLy8Hj4eFmoQko+Y+FObmmV+Qv\nccXZbJHRrcjY/8G4uC/qABxSPLZyv1crvR1Ph+3TL/afW3lSWWZnjtHsg/CosQ5D\n+cdtjFbTjX/WZ72Ae4QjdA2DSY9YYapZNhm5pvdxj9VjtU7bLhtBRWJQt48CAwEA\nAQKCAgAL6qJEoiILLAj41f4FZ76bmo0c1rx10f9XSiYH/quAFULHc8LZuP8fNQuv\nycxtbFT1bBllhJ7rXou0dqZkD9g6SNxJvco2RDJC4Sz3eeQGCBQOXqyHcBF88yyP\ncdXqUWUAYva/ZDg1f8I473K2icqO2cKSO/guGu9jrdcm+UcJJCKNsxJA7Kgg7E3O\n/TZ6wQgnSomG5NcqXEIylSU+T3gOovoF8CeQQpFpdeNui/ieBronC/aL0ly0cAOg\nc4M2x2mJN9gng5bZEoHstwVllQY1ea94s+983Jx5phzcUfMkEXGSQO3XDRMW8xFo\nWN6LdSFM9CvLyVbg8Vit20t9w5y1DyvQLejNjSFvjsmFEEEBOSOi/gUX7w7gSIeo\n7p7H8ckI83wD63kA0fuGJgCu61xF93eb4VswCMaZX+xnbUNmeupGuO4W38KU7Nxz\nCc5fb6Y+bn57xugAPRDndYkPanCev8isDswRvIEzOlbhRuCLp0wbbsFT8CZjmVEE\n7OWHkQ+l3owoA7NKC/f+6pqKkf/cHrbt0fj8uBP5woe8i8fEAbObo6mZr3u8QRRU\nJIvEdrqZuCQsL3Cn+87WOL49ekamosCB6QXKeMGejb4piiZK5edQF9dXzTg+GZw7\nTHYOINn6zQS9zhKfdYiVG8a1cp12n6cXtykr9Me3kXKDIGiWiQKCAQEA7TNa4gD9\neFHQBMQTneY6KQ71hbW54QiUob5EWmT1AiXzBZsdvS8L7KJcLXSedZAlnKwpZvZt\nvFGT1YcxN063tbOtZgn3xwwFCwm4i484RsHkxEhoC2u2PIrv0QYQoAjHvVAEVejp\n5Y/EXrYfVBU3797tZc0beNWd2FaqezEd0eFOLCje7ZeW8nvtbmwA90egjrJsfaz3\nJQhESFrBIs6sGP4WfxDTEHWOUcSV7PYwlp/qdxi0ZN200ukP82qmhL7PiRy5vbVx\nO+23DNqFr2ZLa3YkvK7emVVBZuWtHa0RDhdDkv0eeo/t4fKjK6yTJgos/llhZmKM\n1lccsMqFzpZdKwKCAQEA7voC6k0zQYIhQsEHkC503rUmNDGpBAOTnsuY3/1ybCjf\nuqzLb9YcHc1H4lPWaCzjeAkcXcmfJA7nNcDFnOyFL5n9JoimejLIf78UHHj8BXhA\nQksG2dmpiyar4+eSxSmX6vNHWvIKFy8xK80uqIjAo86UUGQGm13mZjfF72LOzJkn\nUbbwaAeYoK8dCRrCvGhe5GTpCTf0mjRGprZVyIIExlsTNm5vmJ3hh6XvzWA7Wn0n\nPEXpr2j1mbvpDQ6EqrOjmv6PqRN4GYfQfHvit0JHmnLt7nmfh83fPB4BblRo+52A\n41HTAsUVjQW+La9g4L9taGJ6xb/TMHb6UpQHuvGFLQKCAQBNYLpeDZqiHHYyh9Aq\na0c/y5x2YODhMw5hcRMVNefjKoQLqR1bcLSAHjrZrThf+4T5hgP/jZYgn7ANMQvy\nEeDGCnYfWlMVAKvIfQRRqofeNTQuf7xJNXr+ZwhydHsJ6bNW43p2mANtGqghiWHQ\n6RcVTfC9i9pRYcYbI7J7e3tR0yDQMQkAErpwIdNDeUIbaKdMxZG0sa7xyq+Ttt9Y\nPnlPsdue2dswfFjP/cQ2x9zz1fkDnvCCEv0A7HyCmKD3ntNO1CsXYtAsj5BuRf7k\nSAeEZ8b2Mkl1VaV/Lp95ldKBeT9W/PFrY/ZjBecKwUJDX4Br/LZUUwPEjChU18ws\np0p/AoIBAQDsyPwqe+PVfMLICcscqWtTX9pCzRHS0Fhsdv86sT22vakwphXM8jFZ\nthULxFYlUpTwUtawdx4f9ERTlnY3ToOI7uNOUwfg/IB9Uy7yJ05PfR7ukLhxEqJT\nJjYa01Ex2kyUmAiTrE8jObdW1y7r/tQheoaqQPHq79diYNDWqOiPARFcfg8mhKBO\nVjRG2SUq2Z9sXjAo2jCaukFm3jORQILKp2MaA8K/TXAxn9FDhZ5JwsgliIBLNYxk\njzQTo9b/7I6m/KQLuya85T1GmtnBCwM3nbjzGb9gKDSQtIpmb2y2IxGaK3EQxYbc\n/Fu7mJI9Hm+hhjJvzenLk5fkSph+OuDhAoIBAELAxce5AcsXuvvauckd0l5uuGbZ\nLrSFR3jInyhjNv8xEq7ethWpCRAwNsVz/Rup9sclEx3R1Zgh1bE1+LDwEgeRgdnO\nPsWOhZexDz98jYOy2AJP1O0GpZcc7YQy4hgdMrT2fVxn63y6nWI7gaPBtvoKGC5h\nsa71F0wJhcNfZtBTavctdfBUtyb4CcCqVuCr0LXQ+DPAYIMdddtYIVeiRizX94ae\nWEy3syl9vfn+O+ufUfPvEcVH/EJkSCRRpJtSK4mxqr91ySZpb3PCaOTLDmYUrWhr\nNa28I9E1UeQ8KCYn/A3CK6Y4Q3tq1TOMomM5tTSwvIqJqgwyysNZa1OG6tU=\n-----END RSA PRIVATE KEY-----\n",
            "public_key_fingerprint_md5": "99:01:dc:d7:0d:e3:48:32:9c:9f:5e:c5:36:40:32:9c",
            "public_key_openssh": "ssh-rsa AAAAB3NzaC1yc2EAAAADAQABAAACAQDdbWVYXM9kPiQ1ot2f4hjGq8iAmyGlcyDUDN7XCqIPTDO7Fd6TCrsiMt94hdvMFfKgfC0eaduQCc3YimezOW8iQ/qsLCCFb+N6/Lj9Fhn6ouHpHeWWgf2bKGSlFRM+4RpU62VslOlC2LZg8mbGxMeBJes9qYLfWJZKjzGiG99eOZvS04DVmuVU4X7lb6qj21bCkogf0Wf0Dfn2zo7y6gi3tbkUjcp2wVZNnOqen3oDADsQ65McJ9BMaNB98QYLqKINBRubhtASGVTLArGU5e10fOlPSkQkAiEd389mnlY61ahxaS3xjL+e5T4pP0jTDC0nFXdlVen0jFkS8TfkpMwowXUakO5qD8PhCXeYS+rWhqF+7BCcLHSOZ9/V/Xdr5kk3GTFLV+k7ta8pEmJBC41fSmN/LdrvL/lHVJLlKs9vADbGuexjmNA8eyI23R64+yD22AtJiy3wu6fGatvaFigUosbzGeRa4QO/lBoIEmEKM/7/alNMI5zQ8XITpjORWkQW25SnnwZz93sXbh+1lmUsa4vLwePh4WahCSj5j4U5uaZX5C9xxdlskdGtyNj/wbi4L+oAHFI8tnK/Vyu9HU+H7dMv9p9beVJZZmeO0eyD8KixDkP5x22MVtONf9ZnvYB7hCN0DYNJj1hhqlk2Gbmm93GP1WO1TtsuG0FFYlC3jw==\n",
            "public_key_pem": "-----BEGIN PUBLIC KEY-----\nMIICIjANBgkqhkiG9w0BAQEFAAOCAg8AMIICCgKCAgEA3W1lWFzPZD4kNaLdn+IY\nxqvIgJshpXMg1Aze1wqiD0wzuxXekwq7IjLfeIXbzBXyoHwtHmnbkAnN2Ipnszlv\nIkP6rCwghW/jevy4/RYZ+qLh6R3lloH9myhkpRUTPuEaVOtlbJTpQti2YPJmxsTH\ngSXrPamC31iWSo8xohvfXjmb0tOA1ZrlVOF+5W+qo9tWwpKIH9Fn9A359s6O8uoI\nt7W5FI3KdsFWTZzqnp96AwA7EOuTHCfQTGjQffEGC6iiDQUbm4bQEhlUywKxlOXt\ndHzpT0pEJAIhHd/PZp5WOtWocWkt8Yy/nuU+KT9I0wwtJxV3ZVXp9IxZEvE35KTM\nKMF1GpDuag/D4Ql3mEvq1oahfuwQnCx0jmff1f13a+ZJNxkxS1fpO7WvKRJiQQuN\nX0pjfy3a7y/5R1SS5SrPbwA2xrnsY5jQPHsiNt0euPsg9tgLSYst8Lunxmrb2hYo\nFKLG8xnkWuEDv5QaCBJhCjP+/2pTTCOc0PFyE6YzkVpEFtuUp58Gc/d7F24ftZZl\nLGuLy8Hj4eFmoQko+Y+FObmmV+QvccXZbJHRrcjY/8G4uC/qABxSPLZyv1crvR1P\nh+3TL/afW3lSWWZnjtHsg/CosQ5D+cdtjFbTjX/WZ72Ae4QjdA2DSY9YYapZNhm5\npvdxj9VjtU7bLhtBRWJQt48CAwEAAQ==\n-----END PUBLIC KEY-----\n",
            "rsa_bits": 4096
          },
          "sensitive_attributes": [],
          "private": "bnVsbA=="
        }
      ]
    }
  ]
}
