{
  "version": 4,
  "terraform_version": "0.15.3",
  "serial": 308,
  "lineage": "eb41c765-782b-7f6c-88e0-34764314a204",
  "outputs": {
    "output_mysql_admin_password": {
      "value": "H@Sh1CoR3!",
      "type": "string",
      "sensitive": true
    },
    "output_mysql_admin_username": {
      "value": "codehubTeam5",
      "type": "string"
    },
    "output_mysql_database_name": {
      "value": "production-mysql-db",
      "type": "string"
    },
    "output_mysql_fqdn": {
      "value": "5l5eu3pb-team5server.mysql.database.azure.com",
      "type": "string"
    },
    "output_private_key": {
      "value": "-----BEGIN RSA PRIVATE KEY-----\nMIIJKQIBAAKCAgEAzCyVF9QdLFRSGFxS+ki9O2XxQfdJaycsp3M66jig2B4erVku\nOhcN3etd/092tVlrq6YzOAtVyo94+9gSf5NYnXuqesbTTFpTDJLdT10kT9B5SAtp\n8N8VWfT7sqcVgunHpcxLIUUOPBo/+eVWkiwG/eN28bArm41AZ8oWmjrjykPp6JYf\nghkIeAp8R04TPMYy3U8GcHSMEOXbVDVBCnTJBTqNd+qGEnx9dyNuY1besQSJLN/l\ncFdopSx3Tlupl5p1Bqd7xvLUZPPOejLqfw07uXWf/DdGSPxsUKZ5r4vWro8fqDFZ\nHayL09oOO4frDYmphIR+WcpK8MfJXrPP0sE2xayXCP2VhO2qyYXRVvyL6lhVtJaW\nB+QU3dw0+HdPbn6cIqtYWlGrCiszWyTzXMI+OhSAanqX61pAt6QIpY6056q+FLFM\nrUn6WmcLTfonwLfuR6fkxGPmUnrKlLW1GmfWsHevFM/qNzUNporYYSuEz1K0A6DS\nq7Zy15TEbuyh/3VnQYqj+iAJ5xbIC1STuT2qreFwVtzTnqR33IFaVIzBD0rdWbdf\n9PB2RRsIG7omfYQ/8uEqwcPR2AQ3mHSFb8O0PGPJ5WojsstsRi0QPpJU9c/NpV61\npacPPPJXsqdRgIp+2YZjzZNd2VmUdwWMS4s+PLei6uVLcpLKj+s4GOpRYdsCAwEA\nAQKCAgEAmkft+W2NBdxJlKLfCMVCSMoFfiVQUyns8jN+h1J3KBfKco77AWY+Ujzy\ncGQpfWuukqwp8+WM1F2JvDRP9hrvUUELV286Z22xZ8TqengVYkJUAv6s9Rh9V9Zp\nA1yCQsRI2p3+/4rg8MWdJkYIHrgqKFtjm8nVids4mbT5U13AlyyuadRWxsYHwj2a\nH399xeS2tshqQzuuQ26NR5peJXqOE+dk0wJigUGUxRv+5A3WhMi6pzAgfb1vE7EA\nDjPxeN98IqUYQQNpP0eD9I7Y51ymjsO1Oq7B65DigCbruJzgglMgRsXTYzrpBhK1\nwoI4OaiWcc50c4ELE9rD7U3OcqERsv9z8MgJdQMR9Id1Ff2KIhXPQCuJEmjanvj+\nr3WzZvc7dNKirAkrOWvk3US/6eMcdU7yFlwRusd3IrcJC0YWMI8uEcCLlG+Zh3yZ\nJzumHIi/qw+Uknl4UJJrTjM6tW+lS3wPiVxD0qL26tvuASySOvjhijKHPa0GbH5c\nnwVkgeMrBvnEq/jC9PgKAtAnUpu1+UQAn6d07aZKOZTsskvsh+yHxl3QTt4/kTHu\nnX7YWvi6XKPagXB3HUpHtGq4hge6Pj2o77mjrQMomM3vs5exNg6+kcUi05Qr+qRt\n5Iwzf61aLAiAuNUh0fRG2ZWws3OgIkQ+SZn2fSf3mkygw5GoF7ECggEBANjyB1OX\n5rRnWp7SnuLjsI9VSa3ByLYat+MhINu4WgoIU7WFSgBEzdpLFvrQijDjXP4oJcV5\nE/UIMUBn4akL2s89zLV/AUXiuGyTpW+sc3Ag27Ua/NhwDeZLokXg7HGyybN91pqc\n1ePUEtRjUGIRwIUtKxM59ojzbvznTurHJvuKjvf/l+qDNw3b5ild0czwMpRjfoVa\nPDCwc9IU5pqyjq0F9XGXzhMtd91tIhN3CYYJSSsykqksukJFSRlXSdtoy3aYmC7V\nssuvZtX1n4IHVi7QUzASCyHw1dKkZP1GMVuZUYr0LIaglnNyLoQ0wCBHRod0AXoz\nSvoaelovLT3Y7a8CggEBAPDt/LY7C8gZjXow6B7zMdBwTfzZWBi5ulj+INibA/t5\n82ItmPT2r9N8QBp6FuGs86uevdOBgCPGwWRdALw+6IpT3v1Q+v+llFHzjK8YSS6N\nzsqk9mu9BC+cMUC7ECR2/SSYxM+CoX8ppVC9RC2lblabVPho85ot1m3R/kgpUjUK\nxETQK4JcDTlYMSaRVjnbcnjDa6Dd12N5qVkgZlfhLX9FXyLlJhNlRxttGCnwDRW/\niCEQRvNlWPik6OqwV1iv0jHgtAnA9EU6JfjyEIPQnjEmrHkIxpmCXWc4wyzMmtlI\nDZuxym/YExzCm7roOxKxnqBrOBMux9XzrZ5gdWKHZZUCggEANM1bqSXsmfYZ4VQk\nJdcDLy+z+h2TS3dfUGHMzI2nJI/4R9MEOuKEM+BY3H0LVXDRPm7pGpIooFf5HNLr\n4qgm/o/tFjOuTKMs/ghFmNOhWSY2M3M5HTjQuT+pZFalVdsNKqmzJPiNOqFwX884\nTlZBxGhE9q4B6j1NwzJNS+li/JAx0fycrhB3wuDFuUXDfZzswp8guTZINhWMaxJ5\nOifBgC1WGuq21oYXiYY5aAFuCPiTnXb2qURgpSaV7xwGtudftiLXz3ZlyRuM7QCW\nbSB6AnTj+mw51231rQokJl0CQGglp6tcdvv5AmpFFhp8tJ6EdQ1wGp0HX644H2Ei\nIs58swKCAQAbQIAmSLWDc8h5+tA2uAF5d0qLADajzVZTvKMQfTBNILUz9L5pbwHi\nZRqHJCo0arDBR9pm8y4AXfoAFTkBEgiRpP0DIEbT5fHJ90eBgri8aFPsvg4Vj7LK\ng9taXA5uYXsuyYzxf/AuhxJo+I+erii16SoKUyzC0s5/a5JcrTfcQhSDSByzyR/B\nzcT5fNUJBFaFbG1fK9iyKs/KAg0xgYn47GrfcpYE+Z66bnOeQsXoINsQClxMKbmP\nnm+uJDYtFO4ssCMNO2Ml9XbYGuFdV5qdKqe1pRV5xbI0+8mv5pDZZPoNE2Y3knRO\n+4BL+vq7mZW8xYP5P4BhJggMcxK0C2alAoIBAQCuSbX4q1njhAo1YCVPAUyu/ar6\nRxZbDDk/XBNFuh6yWtY5CiS65XBRnX4NUqTv6srrwYdaOTsHnQnd7HmOUnlwHlNp\nW4RYWqbpXfZTpGvT/rkY0bsbMAVeGJ1VRt38t1DvpzME4mG8ZMfOrnovlLgs5ccq\nCK4/esTxYzwShaCMZs7fCSlLMfk+WM7rN1Sp1Obg1SiBMwiNnnH5FvxtT0fcWW4i\npVao7tLtHoSXaJy/pVNcP0xA0sE/X4f9k5D+gszPUpXHLy1xvoXUOnYFE2UIHORL\ngPonmnrjENG4sH/TycTIFD1BwNnA7Ph1UdB00hRFyUXmW1Ed8FR/Z6NWiaCE\n-----END RSA PRIVATE KEY-----\n",
      "type": "string",
      "sensitive": true
    },
    "output_public_ip": {
      "value": "20.86.170.218",
      "type": "string"
    },
    "output_public_key": {
      "value": "-----BEGIN PUBLIC KEY-----\nMIICIjANBgkqhkiG9w0BAQEFAAOCAg8AMIICCgKCAgEAzCyVF9QdLFRSGFxS+ki9\nO2XxQfdJaycsp3M66jig2B4erVkuOhcN3etd/092tVlrq6YzOAtVyo94+9gSf5NY\nnXuqesbTTFpTDJLdT10kT9B5SAtp8N8VWfT7sqcVgunHpcxLIUUOPBo/+eVWkiwG\n/eN28bArm41AZ8oWmjrjykPp6JYfghkIeAp8R04TPMYy3U8GcHSMEOXbVDVBCnTJ\nBTqNd+qGEnx9dyNuY1besQSJLN/lcFdopSx3Tlupl5p1Bqd7xvLUZPPOejLqfw07\nuXWf/DdGSPxsUKZ5r4vWro8fqDFZHayL09oOO4frDYmphIR+WcpK8MfJXrPP0sE2\nxayXCP2VhO2qyYXRVvyL6lhVtJaWB+QU3dw0+HdPbn6cIqtYWlGrCiszWyTzXMI+\nOhSAanqX61pAt6QIpY6056q+FLFMrUn6WmcLTfonwLfuR6fkxGPmUnrKlLW1GmfW\nsHevFM/qNzUNporYYSuEz1K0A6DSq7Zy15TEbuyh/3VnQYqj+iAJ5xbIC1STuT2q\nreFwVtzTnqR33IFaVIzBD0rdWbdf9PB2RRsIG7omfYQ/8uEqwcPR2AQ3mHSFb8O0\nPGPJ5WojsstsRi0QPpJU9c/NpV61pacPPPJXsqdRgIp+2YZjzZNd2VmUdwWMS4s+\nPLei6uVLcpLKj+s4GOpRYdsCAwEAAQ==\n-----END PUBLIC KEY-----\n",
      "type": "string"
    },
    "output_server_name": {
      "value": "5l5eu3pb-team5server",
      "type": "string"
    }
  },
  "resources": [
    {
      "mode": "data",
      "type": "azurerm_client_config",
      "name": "current",
      "provider": "provider[\"registry.terraform.io/hashicorp/azurerm\"]",
      "instances": [
        {
          "schema_version": 0,
          "attributes": {
            "client_id": "5d004607-25e1-490c-82f0-e14c4b688f7c",
            "id": "2021-05-30 20:03:58.054277776 +0000 UTC",
            "object_id": "4e2e0a54-d52b-4231-b440-a7f56e1c6a87",
            "subscription_id": "3ec335d6-1a42-463b-95e2-4fde3269c94d",
            "tenant_id": "b1732512-60e5-48fb-92e8-8d6902ac1349",
            "timeouts": null
          },
          "sensitive_attributes": []
        }
      ]
    },
    {
      "mode": "managed",
      "type": "azurerm_key_vault",
      "name": "keyvault_repo",
      "provider": "provider[\"registry.terraform.io/hashicorp/azurerm\"]",
      "instances": [
        {
          "schema_version": 2,
          "attributes": {
            "access_policy": [
              {
                "application_id": "",
                "certificate_permissions": [
                  "Create",
                  "Delete",
                  "DeleteIssuers",
                  "Get",
                  "GetIssuers",
                  "Import",
                  "List",
                  "ListIssuers",
                  "ManageContacts",
                  "ManageIssuers",
                  "SetIssuers",
                  "Update"
                ],
                "key_permissions": [
                  "Backup",
                  "Create",
                  "Decrypt",
                  "Delete",
                  "Encrypt",
                  "Get",
                  "Import",
                  "List",
                  "Purge",
                  "Recover",
                  "Restore",
                  "Sign",
                  "UnwrapKey",
                  "Update",
                  "Verify",
                  "WrapKey"
                ],
                "object_id": "4e2e0a54-d52b-4231-b440-a7f56e1c6a87",
                "secret_permissions": [
                  "Backup",
                  "Delete",
                  "Get",
                  "List",
                  "Purge",
                  "Recover",
                  "Restore",
                  "Set"
                ],
                "storage_permissions": [
                  "Get"
                ],
                "tenant_id": "b1732512-60e5-48fb-92e8-8d6902ac1349"
              }
            ],
            "contact": [
              {
                "email": "spanos.nikolaos@outlook.com",
                "name": "Nikos Spanos",
                "phone": ""
              }
            ],
            "enable_rbac_authorization": false,
            "enabled_for_deployment": true,
            "enabled_for_disk_encryption": true,
            "enabled_for_template_deployment": true,
            "id": "/subscriptions/3ec335d6-1a42-463b-95e2-4fde3269c94d/resourceGroups/production-resource-group/providers/Microsoft.KeyVault/vaults/nadtn-team5keyvault",
            "location": "westeurope",
            "name": "nadtn-team5keyvault",
            "network_acls": [
              {
                "bypass": "AzureServices",
                "default_action": "Allow",
                "ip_rules": [],
                "virtual_network_subnet_ids": []
              }
            ],
            "purge_protection_enabled": false,
            "resource_group_name": "production-resource-group",
            "sku_name": "standard",
            "soft_delete_enabled": true,
            "soft_delete_retention_days": 8,
            "tags": {},
            "tenant_id": "b1732512-60e5-48fb-92e8-8d6902ac1349",
            "timeouts": null,
            "vault_uri": "https://nadtn-team5keyvault.vault.azure.net/"
          },
          "sensitive_attributes": [],
          "private": "eyJlMmJmYjczMC1lY2FhLTExZTYtOGY4OC0zNDM2M2JjN2M0YzAiOnsiY3JlYXRlIjoxODAwMDAwMDAwMDAwLCJkZWxldGUiOjE4MDAwMDAwMDAwMDAsInJlYWQiOjMwMDAwMDAwMDAwMCwidXBkYXRlIjoxODAwMDAwMDAwMDAwfSwic2NoZW1hX3ZlcnNpb24iOiIyIn0=",
          "dependencies": [
            "azurerm_resource_group.rg_prod",
            "data.azurerm_client_config.current",
            "random_string.string_keyvault"
          ]
        }
      ]
    },
    {
      "mode": "managed",
      "type": "azurerm_key_vault_key",
      "name": "ssh_generated",
      "provider": "provider[\"registry.terraform.io/hashicorp/azurerm\"]",
      "instances": [
        {
          "schema_version": 0,
          "attributes": {
            "curve": "",
            "e": "AQAB",
            "expiration_date": null,
            "id": "https://nadtn-team5keyvault.vault.azure.net/keys/generated-certificate/8cd7eb3f09c740838d19ce29f0bc0121",
            "key_opts": [
              "decrypt",
              "encrypt",
              "sign",
              "unwrapKey",
              "verify",
              "wrapKey"
            ],
            "key_size": 4096,
            "key_type": "RSA",
            "key_vault_id": "/subscriptions/3ec335d6-1a42-463b-95e2-4fde3269c94d/resourceGroups/production-resource-group/providers/Microsoft.KeyVault/vaults/nadtn-team5keyvault",
            "n": "2G9qkIWDTKMefkFtWtQ0bJJSocwv6s8QEw05IXGAtQR3uHYWYUheg4pryO9OZTS0cWQhb3VP8TwPm0A4ChadBaGGKbJweQijJRCf3V52WsbAsImaya92cyTNM8RwhUIBTzGxP8VXYlqLAOO9hzRHBB2Qpi5kNPep35GwbrDIL1oFKDUZDoPTJilqAi878RsWu5xVedeKnYOAOnR2nkviR4jlvkMV6L8tRuTtyXq87laws-iCn5L8Zps2WvdyCamdCgkBgG5cTle7rwOYdlhUOn3iExPkzITamiITWhO2I7QTaHhYH1wAhpx42FMB5s0gZxjhlOy65evn2AZljay2Qzwag7mJ32g1fKgR8w9gbQVexRemsMdZ33uh5FHJU9GSzYJBe2Vg8qmSnyju53F3CkxEG8CRGaGMV4AbzlMid-EmqjuVdrl9-C4o3MIiS_k430jgg3mlEL4vEvs0m07v0Jn_ZNgO0M6kR1cOnqmerzPRqtDXWwvT1qMPhwCEkMrLcoqwQQRXiJyP9vt4Mar23JodSFXPW3LRtKcr9slpkd7gWHNdcy3jcLshd5ubBTZOSMILZ_NNaT4xACb8ZwEvBK1MwITdEUn3CCDZgrlsHTXohLOZbXOxsEyZNlKSU_puVIxfaId0wmJnVl2BNxQo5MrWDRW3ihxETWpJCQ01gI0",
            "name": "generated-certificate",
            "not_before_date": null,
            "tags": {},
            "timeouts": null,
            "version": "8cd7eb3f09c740838d19ce29f0bc0121",
            "versionless_id": "https://nadtn-team5keyvault.vault.azure.net/keys/generated-certificate",
            "x": "",
            "y": ""
          },
          "sensitive_attributes": [],
          "private": "eyJlMmJmYjczMC1lY2FhLTExZTYtOGY4OC0zNDM2M2JjN2M0YzAiOnsiY3JlYXRlIjoxODAwMDAwMDAwMDAwLCJkZWxldGUiOjE4MDAwMDAwMDAwMDAsInJlYWQiOjMwMDAwMDAwMDAwMCwidXBkYXRlIjoxODAwMDAwMDAwMDAwfX0=",
          "dependencies": [
            "azurerm_key_vault.keyvault_repo",
            "azurerm_resource_group.rg_prod",
            "data.azurerm_client_config.current",
            "random_string.string_keyvault"
          ]
        }
      ]
    },
    {
      "mode": "managed",
      "type": "azurerm_key_vault_secret",
      "name": "ssh_key_secret",
      "provider": "provider[\"registry.terraform.io/hashicorp/azurerm\"]",
      "instances": [
        {
          "schema_version": 0,
          "attributes": {
            "content_type": "",
            "expiration_date": null,
            "id": "https://nadtn-team5keyvault.vault.azure.net/secrets/production-secret/8b468f0743b0485486238e516717e6ed",
            "key_vault_id": "/subscriptions/3ec335d6-1a42-463b-95e2-4fde3269c94d/resourceGroups/production-resource-group/providers/Microsoft.KeyVault/vaults/nadtn-team5keyvault",
            "name": "production-secret",
            "not_before_date": null,
            "tags": {},
            "timeouts": null,
            "value": "-----BEGIN RSA PRIVATE KEY-----\nMIIJKQIBAAKCAgEAzCyVF9QdLFRSGFxS+ki9O2XxQfdJaycsp3M66jig2B4erVku\nOhcN3etd/092tVlrq6YzOAtVyo94+9gSf5NYnXuqesbTTFpTDJLdT10kT9B5SAtp\n8N8VWfT7sqcVgunHpcxLIUUOPBo/+eVWkiwG/eN28bArm41AZ8oWmjrjykPp6JYf\nghkIeAp8R04TPMYy3U8GcHSMEOXbVDVBCnTJBTqNd+qGEnx9dyNuY1besQSJLN/l\ncFdopSx3Tlupl5p1Bqd7xvLUZPPOejLqfw07uXWf/DdGSPxsUKZ5r4vWro8fqDFZ\nHayL09oOO4frDYmphIR+WcpK8MfJXrPP0sE2xayXCP2VhO2qyYXRVvyL6lhVtJaW\nB+QU3dw0+HdPbn6cIqtYWlGrCiszWyTzXMI+OhSAanqX61pAt6QIpY6056q+FLFM\nrUn6WmcLTfonwLfuR6fkxGPmUnrKlLW1GmfWsHevFM/qNzUNporYYSuEz1K0A6DS\nq7Zy15TEbuyh/3VnQYqj+iAJ5xbIC1STuT2qreFwVtzTnqR33IFaVIzBD0rdWbdf\n9PB2RRsIG7omfYQ/8uEqwcPR2AQ3mHSFb8O0PGPJ5WojsstsRi0QPpJU9c/NpV61\npacPPPJXsqdRgIp+2YZjzZNd2VmUdwWMS4s+PLei6uVLcpLKj+s4GOpRYdsCAwEA\nAQKCAgEAmkft+W2NBdxJlKLfCMVCSMoFfiVQUyns8jN+h1J3KBfKco77AWY+Ujzy\ncGQpfWuukqwp8+WM1F2JvDRP9hrvUUELV286Z22xZ8TqengVYkJUAv6s9Rh9V9Zp\nA1yCQsRI2p3+/4rg8MWdJkYIHrgqKFtjm8nVids4mbT5U13AlyyuadRWxsYHwj2a\nH399xeS2tshqQzuuQ26NR5peJXqOE+dk0wJigUGUxRv+5A3WhMi6pzAgfb1vE7EA\nDjPxeN98IqUYQQNpP0eD9I7Y51ymjsO1Oq7B65DigCbruJzgglMgRsXTYzrpBhK1\nwoI4OaiWcc50c4ELE9rD7U3OcqERsv9z8MgJdQMR9Id1Ff2KIhXPQCuJEmjanvj+\nr3WzZvc7dNKirAkrOWvk3US/6eMcdU7yFlwRusd3IrcJC0YWMI8uEcCLlG+Zh3yZ\nJzumHIi/qw+Uknl4UJJrTjM6tW+lS3wPiVxD0qL26tvuASySOvjhijKHPa0GbH5c\nnwVkgeMrBvnEq/jC9PgKAtAnUpu1+UQAn6d07aZKOZTsskvsh+yHxl3QTt4/kTHu\nnX7YWvi6XKPagXB3HUpHtGq4hge6Pj2o77mjrQMomM3vs5exNg6+kcUi05Qr+qRt\n5Iwzf61aLAiAuNUh0fRG2ZWws3OgIkQ+SZn2fSf3mkygw5GoF7ECggEBANjyB1OX\n5rRnWp7SnuLjsI9VSa3ByLYat+MhINu4WgoIU7WFSgBEzdpLFvrQijDjXP4oJcV5\nE/UIMUBn4akL2s89zLV/AUXiuGyTpW+sc3Ag27Ua/NhwDeZLokXg7HGyybN91pqc\n1ePUEtRjUGIRwIUtKxM59ojzbvznTurHJvuKjvf/l+qDNw3b5ild0czwMpRjfoVa\nPDCwc9IU5pqyjq0F9XGXzhMtd91tIhN3CYYJSSsykqksukJFSRlXSdtoy3aYmC7V\nssuvZtX1n4IHVi7QUzASCyHw1dKkZP1GMVuZUYr0LIaglnNyLoQ0wCBHRod0AXoz\nSvoaelovLT3Y7a8CggEBAPDt/LY7C8gZjXow6B7zMdBwTfzZWBi5ulj+INibA/t5\n82ItmPT2r9N8QBp6FuGs86uevdOBgCPGwWRdALw+6IpT3v1Q+v+llFHzjK8YSS6N\nzsqk9mu9BC+cMUC7ECR2/SSYxM+CoX8ppVC9RC2lblabVPho85ot1m3R/kgpUjUK\nxETQK4JcDTlYMSaRVjnbcnjDa6Dd12N5qVkgZlfhLX9FXyLlJhNlRxttGCnwDRW/\niCEQRvNlWPik6OqwV1iv0jHgtAnA9EU6JfjyEIPQnjEmrHkIxpmCXWc4wyzMmtlI\nDZuxym/YExzCm7roOxKxnqBrOBMux9XzrZ5gdWKHZZUCggEANM1bqSXsmfYZ4VQk\nJdcDLy+z+h2TS3dfUGHMzI2nJI/4R9MEOuKEM+BY3H0LVXDRPm7pGpIooFf5HNLr\n4qgm/o/tFjOuTKMs/ghFmNOhWSY2M3M5HTjQuT+pZFalVdsNKqmzJPiNOqFwX884\nTlZBxGhE9q4B6j1NwzJNS+li/JAx0fycrhB3wuDFuUXDfZzswp8guTZINhWMaxJ5\nOifBgC1WGuq21oYXiYY5aAFuCPiTnXb2qURgpSaV7xwGtudftiLXz3ZlyRuM7QCW\nbSB6AnTj+mw51231rQokJl0CQGglp6tcdvv5AmpFFhp8tJ6EdQ1wGp0HX644H2Ei\nIs58swKCAQAbQIAmSLWDc8h5+tA2uAF5d0qLADajzVZTvKMQfTBNILUz9L5pbwHi\nZRqHJCo0arDBR9pm8y4AXfoAFTkBEgiRpP0DIEbT5fHJ90eBgri8aFPsvg4Vj7LK\ng9taXA5uYXsuyYzxf/AuhxJo+I+erii16SoKUyzC0s5/a5JcrTfcQhSDSByzyR/B\nzcT5fNUJBFaFbG1fK9iyKs/KAg0xgYn47GrfcpYE+Z66bnOeQsXoINsQClxMKbmP\nnm+uJDYtFO4ssCMNO2Ml9XbYGuFdV5qdKqe1pRV5xbI0+8mv5pDZZPoNE2Y3knRO\n+4BL+vq7mZW8xYP5P4BhJggMcxK0C2alAoIBAQCuSbX4q1njhAo1YCVPAUyu/ar6\nRxZbDDk/XBNFuh6yWtY5CiS65XBRnX4NUqTv6srrwYdaOTsHnQnd7HmOUnlwHlNp\nW4RYWqbpXfZTpGvT/rkY0bsbMAVeGJ1VRt38t1DvpzME4mG8ZMfOrnovlLgs5ccq\nCK4/esTxYzwShaCMZs7fCSlLMfk+WM7rN1Sp1Obg1SiBMwiNnnH5FvxtT0fcWW4i\npVao7tLtHoSXaJy/pVNcP0xA0sE/X4f9k5D+gszPUpXHLy1xvoXUOnYFE2UIHORL\ngPonmnrjENG4sH/TycTIFD1BwNnA7Ph1UdB00hRFyUXmW1Ed8FR/Z6NWiaCE\n-----END RSA PRIVATE KEY-----",
            "version": "8b468f0743b0485486238e516717e6ed",
            "versionless_id": "https://nadtn-team5keyvault.vault.azure.net/secrets/production-secret"
          },
          "sensitive_attributes": [
            [
              {
                "type": "get_attr",
                "value": "value"
              }
            ]
          ],
          "private": "eyJlMmJmYjczMC1lY2FhLTExZTYtOGY4OC0zNDM2M2JjN2M0YzAiOnsiY3JlYXRlIjoxODAwMDAwMDAwMDAwLCJkZWxldGUiOjE4MDAwMDAwMDAwMDAsInJlYWQiOjMwMDAwMDAwMDAwMCwidXBkYXRlIjoxODAwMDAwMDAwMDAwfX0=",
          "dependencies": [
            "azurerm_key_vault.keyvault_repo",
            "azurerm_resource_group.rg_prod",
            "data.azurerm_client_config.current",
            "module.virtual_machines.tls_private_key.ssh_prod",
            "random_string.string_keyvault"
          ]
        }
      ]
    },
    {
      "mode": "managed",
      "type": "azurerm_resource_group",
      "name": "rg_prod",
      "provider": "provider[\"registry.terraform.io/hashicorp/azurerm\"]",
      "instances": [
        {
          "schema_version": 0,
          "attributes": {
            "id": "/subscriptions/3ec335d6-1a42-463b-95e2-4fde3269c94d/resourceGroups/production-resource-group",
            "location": "westeurope",
            "name": "production-resource-group",
            "tags": {
              "Environment": "Production",
              "Team": "Team 5",
              "Version": "1"
            },
            "timeouts": null
          },
          "sensitive_attributes": [],
          "private": "eyJlMmJmYjczMC1lY2FhLTExZTYtOGY4OC0zNDM2M2JjN2M0YzAiOnsiY3JlYXRlIjo1NDAwMDAwMDAwMDAwLCJkZWxldGUiOjU0MDAwMDAwMDAwMDAsInJlYWQiOjMwMDAwMDAwMDAwMCwidXBkYXRlIjo1NDAwMDAwMDAwMDAwfX0="
        }
      ]
    },
    {
      "mode": "managed",
      "type": "null_resource",
      "name": "test",
      "provider": "provider[\"registry.terraform.io/hashicorp/null\"]",
      "instances": [
        {
          "status": "tainted",
          "schema_version": 0,
          "attributes": {
            "id": "5814460680888222029",
            "triggers": null
          },
          "sensitive_attributes": [],
          "private": "bnVsbA==",
          "dependencies": [
            "azurerm_key_vault_secret.ssh_key_secret",
            "module.virtual_machines.azurerm_public_ip.public_ip_prod"
          ]
        }
      ]
    },
    {
      "mode": "managed",
      "type": "random_string",
      "name": "string_keyvault",
      "provider": "provider[\"registry.terraform.io/hashicorp/random\"]",
      "instances": [
        {
          "schema_version": 1,
          "attributes": {
            "id": "nadtn",
            "keepers": null,
            "length": 5,
            "lower": true,
            "min_lower": 0,
            "min_numeric": 0,
            "min_special": 0,
            "min_upper": 0,
            "number": false,
            "override_special": null,
            "result": "nadtn",
            "special": false,
            "upper": false
          },
          "sensitive_attributes": [],
          "private": "eyJzY2hlbWFfdmVyc2lvbiI6IjEifQ=="
        }
      ]
    },
    {
      "module": "module.mysql",
      "mode": "managed",
      "type": "azurerm_mysql_database",
      "name": "mysql_db_prod",
      "provider": "provider[\"registry.terraform.io/hashicorp/azurerm\"]",
      "instances": [
        {
          "schema_version": 0,
          "attributes": {
            "charset": "utf8",
            "collation": "utf8_unicode_ci",
            "id": "/subscriptions/3ec335d6-1a42-463b-95e2-4fde3269c94d/resourceGroups/production-resource-group/providers/Microsoft.DBforMySQL/servers/5l5eu3pb-team5server/databases/production-mysql-db",
            "name": "production-mysql-db",
            "resource_group_name": "production-resource-group",
            "server_name": "5l5eu3pb-team5server",
            "timeouts": null
          },
          "sensitive_attributes": [],
          "private": "eyJlMmJmYjczMC1lY2FhLTExZTYtOGY4OC0zNDM2M2JjN2M0YzAiOnsiY3JlYXRlIjozNjAwMDAwMDAwMDAwLCJkZWxldGUiOjM2MDAwMDAwMDAwMDAsInJlYWQiOjMwMDAwMDAwMDAwMCwidXBkYXRlIjozNjAwMDAwMDAwMDAwfX0=",
          "dependencies": [
            "azurerm_resource_group.rg_prod",
            "module.mysql.azurerm_mysql_server.mysql_server_prod",
            "module.mysql.random_string.string_server"
          ]
        }
      ]
    },
    {
      "module": "module.mysql",
      "mode": "managed",
      "type": "azurerm_mysql_firewall_rule",
      "name": "mysql_firewall_prod",
      "provider": "provider[\"registry.terraform.io/hashicorp/azurerm\"]",
      "instances": [
        {
          "schema_version": 0,
          "attributes": {
            "end_ip_address": "0.0.0.0",
            "id": "/subscriptions/3ec335d6-1a42-463b-95e2-4fde3269c94d/resourceGroups/production-resource-group/providers/Microsoft.DBforMySQL/servers/5l5eu3pb-team5server/firewallRules/production-mysql-firewall",
            "name": "production-mysql-firewall",
            "resource_group_name": "production-resource-group",
            "server_name": "5l5eu3pb-team5server",
            "start_ip_address": "0.0.0.0",
            "timeouts": null
          },
          "sensitive_attributes": [],
          "private": "eyJlMmJmYjczMC1lY2FhLTExZTYtOGY4OC0zNDM2M2JjN2M0YzAiOnsiY3JlYXRlIjoxODAwMDAwMDAwMDAwLCJkZWxldGUiOjE4MDAwMDAwMDAwMDAsInJlYWQiOjMwMDAwMDAwMDAwMCwidXBkYXRlIjoxODAwMDAwMDAwMDAwfX0=",
          "dependencies": [
            "azurerm_resource_group.rg_prod",
            "module.mysql.azurerm_mysql_server.mysql_server_prod",
            "module.mysql.random_string.string_server"
          ]
        }
      ]
    },
    {
      "module": "module.mysql",
      "mode": "managed",
      "type": "azurerm_mysql_server",
      "name": "mysql_server_prod",
      "provider": "provider[\"registry.terraform.io/hashicorp/azurerm\"]",
      "instances": [
        {
          "schema_version": 0,
          "attributes": {
            "administrator_login": "codehubTeam5",
            "administrator_login_password": "H@Sh1CoR3!",
            "auto_grow_enabled": false,
            "backup_retention_days": 7,
            "create_mode": "Default",
            "creation_source_server_id": null,
            "fqdn": "5l5eu3pb-team5server.mysql.database.azure.com",
            "geo_redundant_backup_enabled": false,
            "id": "/subscriptions/3ec335d6-1a42-463b-95e2-4fde3269c94d/resourceGroups/production-resource-group/providers/Microsoft.DBforMySQL/servers/5l5eu3pb-team5server",
            "identity": [],
            "infrastructure_encryption_enabled": false,
            "location": "westeurope",
            "name": "5l5eu3pb-team5server",
            "public_network_access_enabled": true,
            "resource_group_name": "production-resource-group",
            "restore_point_in_time": null,
            "sku_name": "B_Gen5_2",
            "ssl_enforcement": "Disabled",
            "ssl_enforcement_enabled": false,
            "ssl_minimal_tls_version_enforced": "TLSEnforcementDisabled",
            "storage_mb": 5120,
            "storage_profile": [
              {
                "auto_grow": "Disabled",
                "backup_retention_days": 7,
                "geo_redundant_backup": "Disabled",
                "storage_mb": 5120
              }
            ],
            "tags": {},
            "threat_detection_policy": [],
            "timeouts": null,
            "version": "5.7"
          },
          "sensitive_attributes": [],
          "private": "eyJlMmJmYjczMC1lY2FhLTExZTYtOGY4OC0zNDM2M2JjN2M0YzAiOnsiY3JlYXRlIjozNjAwMDAwMDAwMDAwLCJkZWxldGUiOjM2MDAwMDAwMDAwMDAsInJlYWQiOjMwMDAwMDAwMDAwMCwidXBkYXRlIjozNjAwMDAwMDAwMDAwfX0=",
          "dependencies": [
            "azurerm_resource_group.rg_prod",
            "module.mysql.random_string.string_server"
          ]
        }
      ]
    },
    {
      "module": "module.mysql",
      "mode": "managed",
      "type": "random_string",
      "name": "string_server",
      "provider": "provider[\"registry.terraform.io/hashicorp/random\"]",
      "instances": [
        {
          "schema_version": 1,
          "attributes": {
            "id": "5l5eu3pb",
            "keepers": null,
            "length": 8,
            "lower": true,
            "min_lower": 0,
            "min_numeric": 0,
            "min_special": 0,
            "min_upper": 0,
            "number": true,
            "override_special": null,
            "result": "5l5eu3pb",
            "special": false,
            "upper": false
          },
          "sensitive_attributes": [],
          "private": "eyJzY2hlbWFfdmVyc2lvbiI6IjEifQ=="
        }
      ]
    },
    {
      "module": "module.virtual_machines",
      "mode": "data",
      "type": "azurerm_public_ip",
      "name": "public_ip_prod",
      "provider": "provider[\"registry.terraform.io/hashicorp/azurerm\"]",
      "instances": [
        {
          "schema_version": 0,
          "attributes": {
            "allocation_method": "Static",
            "domain_name_label": "",
            "fqdn": "",
            "id": "/subscriptions/3ec335d6-1a42-463b-95e2-4fde3269c94d/resourceGroups/production-resource-group/providers/Microsoft.Network/publicIPAddresses/production-publicIP",
            "idle_timeout_in_minutes": 4,
            "ip_address": "20.86.170.218",
            "ip_tags": {},
            "ip_version": "IPv4",
            "location": "westeurope",
            "name": "production-publicIP",
            "resource_group_name": "production-resource-group",
            "reverse_fqdn": "",
            "sku": "Basic",
            "tags": {},
            "timeouts": null,
            "zones": []
          },
          "sensitive_attributes": []
        }
      ]
    },
    {
      "module": "module.virtual_machines",
      "mode": "managed",
      "type": "azurerm_network_interface",
      "name": "nic_prod",
      "provider": "provider[\"registry.terraform.io/hashicorp/azurerm\"]",
      "instances": [
        {
          "schema_version": 0,
          "attributes": {
            "applied_dns_servers": [],
            "dns_servers": [],
            "enable_accelerated_networking": false,
            "enable_ip_forwarding": false,
            "id": "/subscriptions/3ec335d6-1a42-463b-95e2-4fde3269c94d/resourceGroups/production-resource-group/providers/Microsoft.Network/networkInterfaces/production-nic",
            "internal_dns_name_label": "",
            "internal_domain_name_suffix": "y5b4dguldgfujfv5jrpt3xmpng.ax.internal.cloudapp.net",
            "ip_configuration": [
              {
                "name": "production-nic_conf",
                "primary": true,
                "private_ip_address": "10.0.1.4",
                "private_ip_address_allocation": "Dynamic",
                "private_ip_address_version": "IPv4",
                "public_ip_address_id": "/subscriptions/3ec335d6-1a42-463b-95e2-4fde3269c94d/resourceGroups/production-resource-group/providers/Microsoft.Network/publicIPAddresses/production-publicIP",
                "subnet_id": "/subscriptions/3ec335d6-1a42-463b-95e2-4fde3269c94d/resourceGroups/production-resource-group/providers/Microsoft.Network/virtualNetworks/production-vnet/subnets/production-subnet"
              }
            ],
            "location": "westeurope",
            "mac_address": "00-0D-3A-4C-21-88",
            "name": "production-nic",
            "private_ip_address": "10.0.1.4",
            "private_ip_addresses": [
              "10.0.1.4"
            ],
            "resource_group_name": "production-resource-group",
            "tags": {},
            "timeouts": null,
            "virtual_machine_id": "/subscriptions/3ec335d6-1a42-463b-95e2-4fde3269c94d/resourceGroups/production-resource-group/providers/Microsoft.Compute/virtualMachines/production-vm"
          },
          "sensitive_attributes": [],
          "private": "eyJlMmJmYjczMC1lY2FhLTExZTYtOGY4OC0zNDM2M2JjN2M0YzAiOnsiY3JlYXRlIjoxODAwMDAwMDAwMDAwLCJkZWxldGUiOjE4MDAwMDAwMDAwMDAsInJlYWQiOjMwMDAwMDAwMDAwMCwidXBkYXRlIjoxODAwMDAwMDAwMDAwfX0=",
          "dependencies": [
            "module.virtual_machines.azurerm_subnet.subnet_prod",
            "module.virtual_machines.azurerm_virtual_network.vnet_prod",
            "azurerm_resource_group.rg_prod",
            "module.virtual_machines.azurerm_public_ip.public_ip_prod"
          ]
        }
      ]
    },
    {
      "module": "module.virtual_machines",
      "mode": "managed",
      "type": "azurerm_network_interface_security_group_association",
      "name": "nic_security_prod",
      "provider": "provider[\"registry.terraform.io/hashicorp/azurerm\"]",
      "instances": [
        {
          "schema_version": 0,
          "attributes": {
            "id": "/subscriptions/3ec335d6-1a42-463b-95e2-4fde3269c94d/resourceGroups/production-resource-group/providers/Microsoft.Network/networkInterfaces/production-nic|/subscriptions/3ec335d6-1a42-463b-95e2-4fde3269c94d/resourceGroups/production-resource-group/providers/Microsoft.Network/networkSecurityGroups/production-nsg",
            "network_interface_id": "/subscriptions/3ec335d6-1a42-463b-95e2-4fde3269c94d/resourceGroups/production-resource-group/providers/Microsoft.Network/networkInterfaces/production-nic",
            "network_security_group_id": "/subscriptions/3ec335d6-1a42-463b-95e2-4fde3269c94d/resourceGroups/production-resource-group/providers/Microsoft.Network/networkSecurityGroups/production-nsg",
            "timeouts": null
          },
          "sensitive_attributes": [],
          "private": "eyJlMmJmYjczMC1lY2FhLTExZTYtOGY4OC0zNDM2M2JjN2M0YzAiOnsiY3JlYXRlIjoxODAwMDAwMDAwMDAwLCJkZWxldGUiOjE4MDAwMDAwMDAwMDAsInJlYWQiOjMwMDAwMDAwMDAwMCwidXBkYXRlIjoxODAwMDAwMDAwMDAwfX0=",
          "dependencies": [
            "module.virtual_machines.azurerm_subnet.subnet_prod",
            "module.virtual_machines.azurerm_virtual_network.vnet_prod",
            "azurerm_resource_group.rg_prod",
            "module.virtual_machines.azurerm_network_interface.nic_prod",
            "module.virtual_machines.azurerm_network_security_group.nsg_prod",
            "module.virtual_machines.azurerm_public_ip.public_ip_prod"
          ]
        }
      ]
    },
    {
      "module": "module.virtual_machines",
      "mode": "managed",
      "type": "azurerm_network_security_group",
      "name": "nsg_prod",
      "provider": "provider[\"registry.terraform.io/hashicorp/azurerm\"]",
      "instances": [
        {
          "schema_version": 0,
          "attributes": {
            "id": "/subscriptions/3ec335d6-1a42-463b-95e2-4fde3269c94d/resourceGroups/production-resource-group/providers/Microsoft.Network/networkSecurityGroups/production-nsg",
            "location": "westeurope",
            "name": "production-nsg",
            "resource_group_name": "production-resource-group",
            "security_rule": [
              {
                "access": "Allow",
                "description": "",
                "destination_address_prefix": "*",
                "destination_address_prefixes": [],
                "destination_application_security_group_ids": [],
                "destination_port_range": "22",
                "destination_port_ranges": [],
                "direction": "Inbound",
                "name": "SSH",
                "priority": 1000,
                "protocol": "Tcp",
                "source_address_prefix": "*",
                "source_address_prefixes": [],
                "source_application_security_group_ids": [],
                "source_port_range": "*",
                "source_port_ranges": []
              }
            ],
            "tags": {},
            "timeouts": null
          },
          "sensitive_attributes": [],
          "private": "eyJlMmJmYjczMC1lY2FhLTExZTYtOGY4OC0zNDM2M2JjN2M0YzAiOnsiY3JlYXRlIjoxODAwMDAwMDAwMDAwLCJkZWxldGUiOjE4MDAwMDAwMDAwMDAsInJlYWQiOjMwMDAwMDAwMDAwMCwidXBkYXRlIjoxODAwMDAwMDAwMDAwfX0=",
          "dependencies": [
            "azurerm_resource_group.rg_prod"
          ]
        }
      ]
    },
    {
      "module": "module.virtual_machines",
      "mode": "managed",
      "type": "azurerm_public_ip",
      "name": "public_ip_prod",
      "provider": "provider[\"registry.terraform.io/hashicorp/azurerm\"]",
      "instances": [
        {
          "schema_version": 0,
          "attributes": {
            "allocation_method": "Static",
            "domain_name_label": null,
            "fqdn": null,
            "id": "/subscriptions/3ec335d6-1a42-463b-95e2-4fde3269c94d/resourceGroups/production-resource-group/providers/Microsoft.Network/publicIPAddresses/production-publicIP",
            "idle_timeout_in_minutes": 4,
            "ip_address": "20.86.170.218",
            "ip_tags": {},
            "ip_version": "IPv4",
            "location": "westeurope",
            "name": "production-publicIP",
            "public_ip_prefix_id": null,
            "resource_group_name": "production-resource-group",
            "reverse_fqdn": null,
            "sku": "Basic",
            "tags": {},
            "timeouts": null,
            "zones": []
          },
          "sensitive_attributes": [],
          "private": "eyJlMmJmYjczMC1lY2FhLTExZTYtOGY4OC0zNDM2M2JjN2M0YzAiOnsiY3JlYXRlIjoxODAwMDAwMDAwMDAwLCJkZWxldGUiOjE4MDAwMDAwMDAwMDAsInJlYWQiOjMwMDAwMDAwMDAwMCwidXBkYXRlIjoxODAwMDAwMDAwMDAwfX0=",
          "dependencies": [
            "azurerm_resource_group.rg_prod"
          ]
        }
      ]
    },
    {
      "module": "module.virtual_machines",
      "mode": "managed",
      "type": "azurerm_subnet",
      "name": "subnet_prod",
      "provider": "provider[\"registry.terraform.io/hashicorp/azurerm\"]",
      "instances": [
        {
          "schema_version": 0,
          "attributes": {
            "address_prefix": "10.0.1.0/24",
            "address_prefixes": [
              "10.0.1.0/24"
            ],
            "delegation": [],
            "enforce_private_link_endpoint_network_policies": false,
            "enforce_private_link_service_network_policies": false,
            "id": "/subscriptions/3ec335d6-1a42-463b-95e2-4fde3269c94d/resourceGroups/production-resource-group/providers/Microsoft.Network/virtualNetworks/production-vnet/subnets/production-subnet",
            "name": "production-subnet",
            "resource_group_name": "production-resource-group",
            "service_endpoint_policy_ids": [],
            "service_endpoints": [],
            "timeouts": null,
            "virtual_network_name": "production-vnet"
          },
          "sensitive_attributes": [],
          "private": "eyJlMmJmYjczMC1lY2FhLTExZTYtOGY4OC0zNDM2M2JjN2M0YzAiOnsiY3JlYXRlIjoxODAwMDAwMDAwMDAwLCJkZWxldGUiOjE4MDAwMDAwMDAwMDAsInJlYWQiOjMwMDAwMDAwMDAwMCwidXBkYXRlIjoxODAwMDAwMDAwMDAwfX0=",
          "dependencies": [
            "azurerm_resource_group.rg_prod",
            "module.virtual_machines.azurerm_virtual_network.vnet_prod"
          ]
        }
      ]
    },
    {
      "module": "module.virtual_machines",
      "mode": "managed",
      "type": "azurerm_virtual_machine",
      "name": "vm_prod",
      "provider": "provider[\"registry.terraform.io/hashicorp/azurerm\"]",
      "instances": [
        {
          "schema_version": 0,
          "attributes": {
            "additional_capabilities": [],
            "availability_set_id": null,
            "boot_diagnostics": [],
            "delete_data_disks_on_termination": false,
            "delete_os_disk_on_termination": false,
            "id": "/subscriptions/3ec335d6-1a42-463b-95e2-4fde3269c94d/resourceGroups/production-resource-group/providers/Microsoft.Compute/virtualMachines/production-vm",
            "identity": [],
            "license_type": null,
            "location": "westeurope",
            "name": "production-vm",
            "network_interface_ids": [
              "/subscriptions/3ec335d6-1a42-463b-95e2-4fde3269c94d/resourceGroups/production-resource-group/providers/Microsoft.Network/networkInterfaces/production-nic"
            ],
            "os_profile": [
              {
                "admin_password": "",
                "admin_username": "codehubTeam5",
                "computer_name": "production-mycomputer",
                "custom_data": ""
              }
            ],
            "os_profile_linux_config": [
              {
                "disable_password_authentication": true,
                "ssh_keys": [
                  {
                    "key_data": "ssh-rsa AAAAB3NzaC1yc2EAAAADAQABAAACAQDMLJUX1B0sVFIYXFL6SL07ZfFB90lrJyynczrqOKDYHh6tWS46Fw3d613/T3a1WWurpjM4C1XKj3j72BJ/k1ide6p6xtNMWlMMkt1PXSRP0HlIC2nw3xVZ9PuypxWC6celzEshRQ48Gj/55VaSLAb943bxsCubjUBnyhaaOuPKQ+nolh+CGQh4CnxHThM8xjLdTwZwdIwQ5dtUNUEKdMkFOo136oYSfH13I25jVt6xBIks3+VwV2ilLHdOW6mXmnUGp3vG8tRk8856Mup/DTu5dZ/8N0ZI/GxQpnmvi9aujx+oMVkdrIvT2g47h+sNiamEhH5Zykrwx8les8/SwTbFrJcI/ZWE7arJhdFW/IvqWFW0lpYH5BTd3DT4d09ufpwiq1haUasKKzNbJPNcwj46FIBqepfrWkC3pAiljrTnqr4UsUytSfpaZwtN+ifAt+5Hp+TEY+ZSesqUtbUaZ9awd68Uz+o3NQ2mithhK4TPUrQDoNKrtnLXlMRu7KH/dWdBiqP6IAnnFsgLVJO5Paqt4XBW3NOepHfcgVpUjMEPSt1Zt1/08HZFGwgbuiZ9hD/y4SrBw9HYBDeYdIVvw7Q8Y8nlaiOyy2xGLRA+klT1z82lXrWlpw888leyp1GAin7ZhmPNk13ZWZR3BYxLiz48t6Lq5UtyksqP6zgY6lFh2w==",
                    "path": "/home/codehubTeam5/.ssh/authorized_keys"
                  }
                ]
              }
            ],
            "os_profile_secrets": [],
            "os_profile_windows_config": [],
            "plan": [],
            "primary_network_interface_id": null,
            "proximity_placement_group_id": null,
            "resource_group_name": "production-resource-group",
            "storage_data_disk": [],
            "storage_image_reference": [
              {
                "id": "",
                "offer": "UbuntuServer",
                "publisher": "Canonical",
                "sku": "18.04-LTS",
                "version": "latest"
              }
            ],
            "storage_os_disk": [
              {
                "caching": "ReadWrite",
                "create_option": "FromImage",
                "disk_size_gb": 30,
                "image_uri": "",
                "managed_disk_id": "/subscriptions/3ec335d6-1a42-463b-95e2-4fde3269c94d/resourceGroups/production-resource-group/providers/Microsoft.Compute/disks/production-osdisk",
                "managed_disk_type": "Standard_LRS",
                "name": "production-osdisk",
                "os_type": "Linux",
                "vhd_uri": "",
                "write_accelerator_enabled": false
              }
            ],
            "tags": {},
            "timeouts": null,
            "vm_size": "Standard_DS1_v2",
            "zones": []
          },
          "sensitive_attributes": [],
          "private": "eyJlMmJmYjczMC1lY2FhLTExZTYtOGY4OC0zNDM2M2JjN2M0YzAiOnsiY3JlYXRlIjozNjAwMDAwMDAwMDAwLCJkZWxldGUiOjM2MDAwMDAwMDAwMDAsInJlYWQiOjMwMDAwMDAwMDAwMCwidXBkYXRlIjozNjAwMDAwMDAwMDAwfX0=",
          "dependencies": [
            "azurerm_resource_group.rg_prod",
            "module.virtual_machines.azurerm_network_interface.nic_prod",
            "module.virtual_machines.azurerm_public_ip.public_ip_prod",
            "module.virtual_machines.azurerm_subnet.subnet_prod",
            "module.virtual_machines.azurerm_virtual_network.vnet_prod",
            "module.virtual_machines.tls_private_key.ssh_prod"
          ]
        }
      ]
    },
    {
      "module": "module.virtual_machines",
      "mode": "managed",
      "type": "azurerm_virtual_network",
      "name": "vnet_prod",
      "provider": "provider[\"registry.terraform.io/hashicorp/azurerm\"]",
      "instances": [
        {
          "schema_version": 0,
          "attributes": {
            "address_space": [
              "10.0.0.0/16"
            ],
            "bgp_community": "",
            "ddos_protection_plan": [],
            "dns_servers": [],
            "guid": "9ae1c3c7-198b-448b-96bf-4c5f3edd8f6e",
            "id": "/subscriptions/3ec335d6-1a42-463b-95e2-4fde3269c94d/resourceGroups/production-resource-group/providers/Microsoft.Network/virtualNetworks/production-vnet",
            "location": "westeurope",
            "name": "production-vnet",
            "resource_group_name": "production-resource-group",
            "subnet": [
              {
                "address_prefix": "10.0.1.0/24",
                "id": "/subscriptions/3ec335d6-1a42-463b-95e2-4fde3269c94d/resourceGroups/production-resource-group/providers/Microsoft.Network/virtualNetworks/production-vnet/subnets/production-subnet",
                "name": "production-subnet",
                "security_group": ""
              }
            ],
            "tags": {},
            "timeouts": null,
            "vm_protection_enabled": false
          },
          "sensitive_attributes": [],
          "private": "eyJlMmJmYjczMC1lY2FhLTExZTYtOGY4OC0zNDM2M2JjN2M0YzAiOnsiY3JlYXRlIjoxODAwMDAwMDAwMDAwLCJkZWxldGUiOjE4MDAwMDAwMDAwMDAsInJlYWQiOjMwMDAwMDAwMDAwMCwidXBkYXRlIjoxODAwMDAwMDAwMDAwfX0=",
          "dependencies": [
            "azurerm_resource_group.rg_prod"
          ]
        }
      ]
    },
    {
      "module": "module.virtual_machines",
      "mode": "managed",
      "type": "local_file",
      "name": "private_key",
      "provider": "provider[\"registry.terraform.io/hashicorp/local\"]",
      "instances": [
        {
          "schema_version": 0,
          "attributes": {
            "content": "-----BEGIN RSA PRIVATE KEY-----\nMIIJKQIBAAKCAgEAzCyVF9QdLFRSGFxS+ki9O2XxQfdJaycsp3M66jig2B4erVku\nOhcN3etd/092tVlrq6YzOAtVyo94+9gSf5NYnXuqesbTTFpTDJLdT10kT9B5SAtp\n8N8VWfT7sqcVgunHpcxLIUUOPBo/+eVWkiwG/eN28bArm41AZ8oWmjrjykPp6JYf\nghkIeAp8R04TPMYy3U8GcHSMEOXbVDVBCnTJBTqNd+qGEnx9dyNuY1besQSJLN/l\ncFdopSx3Tlupl5p1Bqd7xvLUZPPOejLqfw07uXWf/DdGSPxsUKZ5r4vWro8fqDFZ\nHayL09oOO4frDYmphIR+WcpK8MfJXrPP0sE2xayXCP2VhO2qyYXRVvyL6lhVtJaW\nB+QU3dw0+HdPbn6cIqtYWlGrCiszWyTzXMI+OhSAanqX61pAt6QIpY6056q+FLFM\nrUn6WmcLTfonwLfuR6fkxGPmUnrKlLW1GmfWsHevFM/qNzUNporYYSuEz1K0A6DS\nq7Zy15TEbuyh/3VnQYqj+iAJ5xbIC1STuT2qreFwVtzTnqR33IFaVIzBD0rdWbdf\n9PB2RRsIG7omfYQ/8uEqwcPR2AQ3mHSFb8O0PGPJ5WojsstsRi0QPpJU9c/NpV61\npacPPPJXsqdRgIp+2YZjzZNd2VmUdwWMS4s+PLei6uVLcpLKj+s4GOpRYdsCAwEA\nAQKCAgEAmkft+W2NBdxJlKLfCMVCSMoFfiVQUyns8jN+h1J3KBfKco77AWY+Ujzy\ncGQpfWuukqwp8+WM1F2JvDRP9hrvUUELV286Z22xZ8TqengVYkJUAv6s9Rh9V9Zp\nA1yCQsRI2p3+/4rg8MWdJkYIHrgqKFtjm8nVids4mbT5U13AlyyuadRWxsYHwj2a\nH399xeS2tshqQzuuQ26NR5peJXqOE+dk0wJigUGUxRv+5A3WhMi6pzAgfb1vE7EA\nDjPxeN98IqUYQQNpP0eD9I7Y51ymjsO1Oq7B65DigCbruJzgglMgRsXTYzrpBhK1\nwoI4OaiWcc50c4ELE9rD7U3OcqERsv9z8MgJdQMR9Id1Ff2KIhXPQCuJEmjanvj+\nr3WzZvc7dNKirAkrOWvk3US/6eMcdU7yFlwRusd3IrcJC0YWMI8uEcCLlG+Zh3yZ\nJzumHIi/qw+Uknl4UJJrTjM6tW+lS3wPiVxD0qL26tvuASySOvjhijKHPa0GbH5c\nnwVkgeMrBvnEq/jC9PgKAtAnUpu1+UQAn6d07aZKOZTsskvsh+yHxl3QTt4/kTHu\nnX7YWvi6XKPagXB3HUpHtGq4hge6Pj2o77mjrQMomM3vs5exNg6+kcUi05Qr+qRt\n5Iwzf61aLAiAuNUh0fRG2ZWws3OgIkQ+SZn2fSf3mkygw5GoF7ECggEBANjyB1OX\n5rRnWp7SnuLjsI9VSa3ByLYat+MhINu4WgoIU7WFSgBEzdpLFvrQijDjXP4oJcV5\nE/UIMUBn4akL2s89zLV/AUXiuGyTpW+sc3Ag27Ua/NhwDeZLokXg7HGyybN91pqc\n1ePUEtRjUGIRwIUtKxM59ojzbvznTurHJvuKjvf/l+qDNw3b5ild0czwMpRjfoVa\nPDCwc9IU5pqyjq0F9XGXzhMtd91tIhN3CYYJSSsykqksukJFSRlXSdtoy3aYmC7V\nssuvZtX1n4IHVi7QUzASCyHw1dKkZP1GMVuZUYr0LIaglnNyLoQ0wCBHRod0AXoz\nSvoaelovLT3Y7a8CggEBAPDt/LY7C8gZjXow6B7zMdBwTfzZWBi5ulj+INibA/t5\n82ItmPT2r9N8QBp6FuGs86uevdOBgCPGwWRdALw+6IpT3v1Q+v+llFHzjK8YSS6N\nzsqk9mu9BC+cMUC7ECR2/SSYxM+CoX8ppVC9RC2lblabVPho85ot1m3R/kgpUjUK\nxETQK4JcDTlYMSaRVjnbcnjDa6Dd12N5qVkgZlfhLX9FXyLlJhNlRxttGCnwDRW/\niCEQRvNlWPik6OqwV1iv0jHgtAnA9EU6JfjyEIPQnjEmrHkIxpmCXWc4wyzMmtlI\nDZuxym/YExzCm7roOxKxnqBrOBMux9XzrZ5gdWKHZZUCggEANM1bqSXsmfYZ4VQk\nJdcDLy+z+h2TS3dfUGHMzI2nJI/4R9MEOuKEM+BY3H0LVXDRPm7pGpIooFf5HNLr\n4qgm/o/tFjOuTKMs/ghFmNOhWSY2M3M5HTjQuT+pZFalVdsNKqmzJPiNOqFwX884\nTlZBxGhE9q4B6j1NwzJNS+li/JAx0fycrhB3wuDFuUXDfZzswp8guTZINhWMaxJ5\nOifBgC1WGuq21oYXiYY5aAFuCPiTnXb2qURgpSaV7xwGtudftiLXz3ZlyRuM7QCW\nbSB6AnTj+mw51231rQokJl0CQGglp6tcdvv5AmpFFhp8tJ6EdQ1wGp0HX644H2Ei\nIs58swKCAQAbQIAmSLWDc8h5+tA2uAF5d0qLADajzVZTvKMQfTBNILUz9L5pbwHi\nZRqHJCo0arDBR9pm8y4AXfoAFTkBEgiRpP0DIEbT5fHJ90eBgri8aFPsvg4Vj7LK\ng9taXA5uYXsuyYzxf/AuhxJo+I+erii16SoKUyzC0s5/a5JcrTfcQhSDSByzyR/B\nzcT5fNUJBFaFbG1fK9iyKs/KAg0xgYn47GrfcpYE+Z66bnOeQsXoINsQClxMKbmP\nnm+uJDYtFO4ssCMNO2Ml9XbYGuFdV5qdKqe1pRV5xbI0+8mv5pDZZPoNE2Y3knRO\n+4BL+vq7mZW8xYP5P4BhJggMcxK0C2alAoIBAQCuSbX4q1njhAo1YCVPAUyu/ar6\nRxZbDDk/XBNFuh6yWtY5CiS65XBRnX4NUqTv6srrwYdaOTsHnQnd7HmOUnlwHlNp\nW4RYWqbpXfZTpGvT/rkY0bsbMAVeGJ1VRt38t1DvpzME4mG8ZMfOrnovlLgs5ccq\nCK4/esTxYzwShaCMZs7fCSlLMfk+WM7rN1Sp1Obg1SiBMwiNnnH5FvxtT0fcWW4i\npVao7tLtHoSXaJy/pVNcP0xA0sE/X4f9k5D+gszPUpXHLy1xvoXUOnYFE2UIHORL\ngPonmnrjENG4sH/TycTIFD1BwNnA7Ph1UdB00hRFyUXmW1Ed8FR/Z6NWiaCE\n-----END RSA PRIVATE KEY-----",
            "content_base64": null,
            "directory_permission": "0777",
            "file_permission": "0600",
            "filename": "modules/private_connection_key.pem",
            "id": "2143e1574925539ded200ea018a19f65a61a41c5",
            "sensitive_content": null,
            "source": null
          },
          "sensitive_attributes": [
            [
              {
                "type": "get_attr",
                "value": "content"
              }
            ]
          ],
          "private": "bnVsbA==",
          "dependencies": [
            "module.virtual_machines.tls_private_key.ssh_prod"
          ]
        }
      ]
    },
    {
      "module": "module.virtual_machines",
      "mode": "managed",
      "type": "tls_private_key",
      "name": "ssh_prod",
      "provider": "provider[\"registry.terraform.io/hashicorp/tls\"]",
      "instances": [
        {
          "schema_version": 0,
          "attributes": {
            "algorithm": "RSA",
            "ecdsa_curve": "P224",
            "id": "50a6383b5acb6a51c898b2fa07b71022bdaa8134",
            "private_key_pem": "-----BEGIN RSA PRIVATE KEY-----\nMIIJKQIBAAKCAgEAzCyVF9QdLFRSGFxS+ki9O2XxQfdJaycsp3M66jig2B4erVku\nOhcN3etd/092tVlrq6YzOAtVyo94+9gSf5NYnXuqesbTTFpTDJLdT10kT9B5SAtp\n8N8VWfT7sqcVgunHpcxLIUUOPBo/+eVWkiwG/eN28bArm41AZ8oWmjrjykPp6JYf\nghkIeAp8R04TPMYy3U8GcHSMEOXbVDVBCnTJBTqNd+qGEnx9dyNuY1besQSJLN/l\ncFdopSx3Tlupl5p1Bqd7xvLUZPPOejLqfw07uXWf/DdGSPxsUKZ5r4vWro8fqDFZ\nHayL09oOO4frDYmphIR+WcpK8MfJXrPP0sE2xayXCP2VhO2qyYXRVvyL6lhVtJaW\nB+QU3dw0+HdPbn6cIqtYWlGrCiszWyTzXMI+OhSAanqX61pAt6QIpY6056q+FLFM\nrUn6WmcLTfonwLfuR6fkxGPmUnrKlLW1GmfWsHevFM/qNzUNporYYSuEz1K0A6DS\nq7Zy15TEbuyh/3VnQYqj+iAJ5xbIC1STuT2qreFwVtzTnqR33IFaVIzBD0rdWbdf\n9PB2RRsIG7omfYQ/8uEqwcPR2AQ3mHSFb8O0PGPJ5WojsstsRi0QPpJU9c/NpV61\npacPPPJXsqdRgIp+2YZjzZNd2VmUdwWMS4s+PLei6uVLcpLKj+s4GOpRYdsCAwEA\nAQKCAgEAmkft+W2NBdxJlKLfCMVCSMoFfiVQUyns8jN+h1J3KBfKco77AWY+Ujzy\ncGQpfWuukqwp8+WM1F2JvDRP9hrvUUELV286Z22xZ8TqengVYkJUAv6s9Rh9V9Zp\nA1yCQsRI2p3+/4rg8MWdJkYIHrgqKFtjm8nVids4mbT5U13AlyyuadRWxsYHwj2a\nH399xeS2tshqQzuuQ26NR5peJXqOE+dk0wJigUGUxRv+5A3WhMi6pzAgfb1vE7EA\nDjPxeN98IqUYQQNpP0eD9I7Y51ymjsO1Oq7B65DigCbruJzgglMgRsXTYzrpBhK1\nwoI4OaiWcc50c4ELE9rD7U3OcqERsv9z8MgJdQMR9Id1Ff2KIhXPQCuJEmjanvj+\nr3WzZvc7dNKirAkrOWvk3US/6eMcdU7yFlwRusd3IrcJC0YWMI8uEcCLlG+Zh3yZ\nJzumHIi/qw+Uknl4UJJrTjM6tW+lS3wPiVxD0qL26tvuASySOvjhijKHPa0GbH5c\nnwVkgeMrBvnEq/jC9PgKAtAnUpu1+UQAn6d07aZKOZTsskvsh+yHxl3QTt4/kTHu\nnX7YWvi6XKPagXB3HUpHtGq4hge6Pj2o77mjrQMomM3vs5exNg6+kcUi05Qr+qRt\n5Iwzf61aLAiAuNUh0fRG2ZWws3OgIkQ+SZn2fSf3mkygw5GoF7ECggEBANjyB1OX\n5rRnWp7SnuLjsI9VSa3ByLYat+MhINu4WgoIU7WFSgBEzdpLFvrQijDjXP4oJcV5\nE/UIMUBn4akL2s89zLV/AUXiuGyTpW+sc3Ag27Ua/NhwDeZLokXg7HGyybN91pqc\n1ePUEtRjUGIRwIUtKxM59ojzbvznTurHJvuKjvf/l+qDNw3b5ild0czwMpRjfoVa\nPDCwc9IU5pqyjq0F9XGXzhMtd91tIhN3CYYJSSsykqksukJFSRlXSdtoy3aYmC7V\nssuvZtX1n4IHVi7QUzASCyHw1dKkZP1GMVuZUYr0LIaglnNyLoQ0wCBHRod0AXoz\nSvoaelovLT3Y7a8CggEBAPDt/LY7C8gZjXow6B7zMdBwTfzZWBi5ulj+INibA/t5\n82ItmPT2r9N8QBp6FuGs86uevdOBgCPGwWRdALw+6IpT3v1Q+v+llFHzjK8YSS6N\nzsqk9mu9BC+cMUC7ECR2/SSYxM+CoX8ppVC9RC2lblabVPho85ot1m3R/kgpUjUK\nxETQK4JcDTlYMSaRVjnbcnjDa6Dd12N5qVkgZlfhLX9FXyLlJhNlRxttGCnwDRW/\niCEQRvNlWPik6OqwV1iv0jHgtAnA9EU6JfjyEIPQnjEmrHkIxpmCXWc4wyzMmtlI\nDZuxym/YExzCm7roOxKxnqBrOBMux9XzrZ5gdWKHZZUCggEANM1bqSXsmfYZ4VQk\nJdcDLy+z+h2TS3dfUGHMzI2nJI/4R9MEOuKEM+BY3H0LVXDRPm7pGpIooFf5HNLr\n4qgm/o/tFjOuTKMs/ghFmNOhWSY2M3M5HTjQuT+pZFalVdsNKqmzJPiNOqFwX884\nTlZBxGhE9q4B6j1NwzJNS+li/JAx0fycrhB3wuDFuUXDfZzswp8guTZINhWMaxJ5\nOifBgC1WGuq21oYXiYY5aAFuCPiTnXb2qURgpSaV7xwGtudftiLXz3ZlyRuM7QCW\nbSB6AnTj+mw51231rQokJl0CQGglp6tcdvv5AmpFFhp8tJ6EdQ1wGp0HX644H2Ei\nIs58swKCAQAbQIAmSLWDc8h5+tA2uAF5d0qLADajzVZTvKMQfTBNILUz9L5pbwHi\nZRqHJCo0arDBR9pm8y4AXfoAFTkBEgiRpP0DIEbT5fHJ90eBgri8aFPsvg4Vj7LK\ng9taXA5uYXsuyYzxf/AuhxJo+I+erii16SoKUyzC0s5/a5JcrTfcQhSDSByzyR/B\nzcT5fNUJBFaFbG1fK9iyKs/KAg0xgYn47GrfcpYE+Z66bnOeQsXoINsQClxMKbmP\nnm+uJDYtFO4ssCMNO2Ml9XbYGuFdV5qdKqe1pRV5xbI0+8mv5pDZZPoNE2Y3knRO\n+4BL+vq7mZW8xYP5P4BhJggMcxK0C2alAoIBAQCuSbX4q1njhAo1YCVPAUyu/ar6\nRxZbDDk/XBNFuh6yWtY5CiS65XBRnX4NUqTv6srrwYdaOTsHnQnd7HmOUnlwHlNp\nW4RYWqbpXfZTpGvT/rkY0bsbMAVeGJ1VRt38t1DvpzME4mG8ZMfOrnovlLgs5ccq\nCK4/esTxYzwShaCMZs7fCSlLMfk+WM7rN1Sp1Obg1SiBMwiNnnH5FvxtT0fcWW4i\npVao7tLtHoSXaJy/pVNcP0xA0sE/X4f9k5D+gszPUpXHLy1xvoXUOnYFE2UIHORL\ngPonmnrjENG4sH/TycTIFD1BwNnA7Ph1UdB00hRFyUXmW1Ed8FR/Z6NWiaCE\n-----END RSA PRIVATE KEY-----\n",
            "public_key_fingerprint_md5": "f1:dc:2c:f5:de:07:6e:30:cf:6f:5c:23:f3:1c:f3:61",
            "public_key_openssh": "ssh-rsa AAAAB3NzaC1yc2EAAAADAQABAAACAQDMLJUX1B0sVFIYXFL6SL07ZfFB90lrJyynczrqOKDYHh6tWS46Fw3d613/T3a1WWurpjM4C1XKj3j72BJ/k1ide6p6xtNMWlMMkt1PXSRP0HlIC2nw3xVZ9PuypxWC6celzEshRQ48Gj/55VaSLAb943bxsCubjUBnyhaaOuPKQ+nolh+CGQh4CnxHThM8xjLdTwZwdIwQ5dtUNUEKdMkFOo136oYSfH13I25jVt6xBIks3+VwV2ilLHdOW6mXmnUGp3vG8tRk8856Mup/DTu5dZ/8N0ZI/GxQpnmvi9aujx+oMVkdrIvT2g47h+sNiamEhH5Zykrwx8les8/SwTbFrJcI/ZWE7arJhdFW/IvqWFW0lpYH5BTd3DT4d09ufpwiq1haUasKKzNbJPNcwj46FIBqepfrWkC3pAiljrTnqr4UsUytSfpaZwtN+ifAt+5Hp+TEY+ZSesqUtbUaZ9awd68Uz+o3NQ2mithhK4TPUrQDoNKrtnLXlMRu7KH/dWdBiqP6IAnnFsgLVJO5Paqt4XBW3NOepHfcgVpUjMEPSt1Zt1/08HZFGwgbuiZ9hD/y4SrBw9HYBDeYdIVvw7Q8Y8nlaiOyy2xGLRA+klT1z82lXrWlpw888leyp1GAin7ZhmPNk13ZWZR3BYxLiz48t6Lq5UtyksqP6zgY6lFh2w==\n",
            "public_key_pem": "-----BEGIN PUBLIC KEY-----\nMIICIjANBgkqhkiG9w0BAQEFAAOCAg8AMIICCgKCAgEAzCyVF9QdLFRSGFxS+ki9\nO2XxQfdJaycsp3M66jig2B4erVkuOhcN3etd/092tVlrq6YzOAtVyo94+9gSf5NY\nnXuqesbTTFpTDJLdT10kT9B5SAtp8N8VWfT7sqcVgunHpcxLIUUOPBo/+eVWkiwG\n/eN28bArm41AZ8oWmjrjykPp6JYfghkIeAp8R04TPMYy3U8GcHSMEOXbVDVBCnTJ\nBTqNd+qGEnx9dyNuY1besQSJLN/lcFdopSx3Tlupl5p1Bqd7xvLUZPPOejLqfw07\nuXWf/DdGSPxsUKZ5r4vWro8fqDFZHayL09oOO4frDYmphIR+WcpK8MfJXrPP0sE2\nxayXCP2VhO2qyYXRVvyL6lhVtJaWB+QU3dw0+HdPbn6cIqtYWlGrCiszWyTzXMI+\nOhSAanqX61pAt6QIpY6056q+FLFMrUn6WmcLTfonwLfuR6fkxGPmUnrKlLW1GmfW\nsHevFM/qNzUNporYYSuEz1K0A6DSq7Zy15TEbuyh/3VnQYqj+iAJ5xbIC1STuT2q\nreFwVtzTnqR33IFaVIzBD0rdWbdf9PB2RRsIG7omfYQ/8uEqwcPR2AQ3mHSFb8O0\nPGPJ5WojsstsRi0QPpJU9c/NpV61pacPPPJXsqdRgIp+2YZjzZNd2VmUdwWMS4s+\nPLei6uVLcpLKj+s4GOpRYdsCAwEAAQ==\n-----END PUBLIC KEY-----\n",
            "rsa_bits": 4096
          },
          "sensitive_attributes": [],
          "private": "bnVsbA=="
        }
      ]
    }
  ]
}
