{
  "version": 4,
  "terraform_version": "0.15.3",
  "serial": 195,
  "lineage": "04092786-7a0f-a793-e9bc-5e59c50c6cb8",
  "outputs": {
    "output_private_key": {
      "value": "-----BEGIN RSA PRIVATE KEY-----\nMIIJKQIBAAKCAgEAuqy5n8cpC2dvncjSzuj/UVHNVI7fetcgFdFc5W7IlNEpcIjx\nKDuSntsqsIG+PkCH5zNGp0j1NYcMHpp7113lBkKu7uf7OTIdX1xgQ6Ja8cYF2dxs\n4kybSd6HkvxgUyg5MjdaV/Sav9PlDZIYR6sL3TFTSxHIc35LTdmkFvGmpFNuRJbT\nJR8j95SIAG4GEKQmRgA0wUObyjH9k4+m08omvoWzfetbbHsi61e14wZ4xpk0qWMA\n5dZv1+tzRSZpO4Z2ZEU+YMe2aLv+gJ0Ccl8UHZMwfjCfp0CF3pnLpuVbQa3tOINJ\n8BcKp0EZztS1QxiR7iddQxl7Pa7ELe+DZQ83pWBXvxWZdxSuuVncZGFHAArfzeLR\n6KP+2c+cug0eMsranXy9Vb7XXr/1LJCjwjlW8yOQluCd4mRW3I1Bbt8qzREsQXuB\n92QsYinthxV7rjAvAq0DlghpP8771wYtiZ1MrR3DH41IlzTzKLVNou5fe2DsfkuM\np3yTm9CNe4GJZ/MAlMXmM80KZkSuwc0jaj7rr1PAzp9PfHef4YF9nCGJ64YKZg3/\nfyX/PwjuzgL60VOpaTAPZxfE6GBGRgXi+SFogVFUWQi8bYk2lCcCF2vSbalu18oY\nNl1uJyTG0MkNTKklxdXtpy+O9oAUE5EDqU+ydq6djvwnbhXGGCQweJ90sd0CAwEA\nAQKCAgBQup3UAVc4vVTB0bWJEa5Ixq2boeX3w8z2YoJgHlbUNNhM+IwCMDEqTfHa\nP2G8nj+ntr8ZXS3eJjcRjRF9g/eli3UHkH9OruOQ9+wRk8bsxAyHuRHFlAecHIZZ\nBJfLnpuNoe6KFxhNWR+3jLS/WbNZxxkUX+5mM/nxAuw5l+vPKN2JAAj0BtGRIkTm\nmq44yCRdJX2rDsfy20ekZv1ongW/YybKj9wLv/zL9jSMp6HXkS37Cvu6adAYepRx\nFTlxKqdMmb1uMTArfxGDIWOLfp6+Y4cXK4P/2qGKMMynsoySjNsIE48IK47J4hd9\nIPP6vkdtzMxCVmS7ujbQ/sG+FKSlPPzN9Xg3k8n9YG7UO9I46XVvGhxKvHQHu4FW\nK+6s5jk3q5BAuEFzE2K59JCejnYTPwg8K4bv0woFepD4vouhixSsvHHYE0CdqBv1\nmbvcMqKLgfWc+SDmfV95G+Qdq40JZbxJZzs/sOGRwUsLPzsXljB2f0zTqFnBT04c\nyYCJHvuSSFtKiwzIe3Hd2JIDguoRb9xSWjxc94A+Qa4l95Bo90o7JTpD7OKE0q5e\nXYSFeROw+6h59dTi+d8S2sE61fi+FHLYfyAb9N76dGfaRE5paoXuZKh0BPAFkS4j\nm7HKKILRA5Bjt1OLgodn9OPVxulcLzWKSR6/KdfuwkumNJPMQQKCAQEAz31/cwi/\nHw74p+nArib/XYBPP9hO7OlkKbQo5k2y+r5YJuNR58xXxRw2lQjVJDevQstKm4rY\nceDK78UbIZG//OF3ptQmdoI6PsoRh9Wl7nBDrkSU9QspCUTWajKRhxwhWg/z4FUF\nOAAdgmB9KcY7CC0tquCiWMZHoijKiXDea37tlD/o1ZRHR9j5QH+W3FWxxpWtNIJf\nB7Aos17hUhSQhG5SByuL0bnkwS9fMykXko07dViIXQv+uQf5kdlr09hK49AZQ/1H\nnvRwA4Jw8Y3HFjIBu+qBkT+YzOwinVwAmemgSjOxzIvfqjnJfttJ5Our31uC/lT3\nD1OUAMpOGW4HJQKCAQEA5lFlrXT6sRbPG3InmtwJBrOeXOyWAU5mImc5XK1Dz4yi\n8QNdBcs+3ZoZtDBVBOTdCqsTHTZ9BZNPvFGSxiOlPB+mk2L3xsOsdJAa59WP4oR3\nhnDUCGKXMcMn43PmjGtI8++7g5OZrsCeUCFeZkKDe6FpPABgEZkIlmGMENCh9Se2\nuwUplE7xMM4ctebdS2BHowwlo66AfT1Lo4A65O8zFdBM5n8txv+ECS1+a8j0gWuS\n9CqGqM/rmPQUsB72d4hDdcOToHdwJ1Pw++WxmrBWyphKkdjd2M8YfnGf+RkHLLn0\nv6aZa4uirSTSR2EXS2xify2VbK2XclcNRKKW1vB+WQKCAQApp7M/f+EGtjW7WBVD\noTahKdI/KgjmTRC7wpx3Z9/nsPD3lalq1L5GJxzaHLTVmYxI55Ep2t0LN6rmKfcB\nbUZS2VzxFCRIpGpXErAkSgMO9GDSCpiw/TWW08gL9+z5Z+9WKl+2iLsMfBFwjDh0\ne4R8Zr2FUaWmFuBosLHAl/U/NXMy0QXIYwVQakHX7gV2ZInVKVVldkrnuzjgkcrA\ndLpyq8cyA08FosFG+2CsX7KIzGvEaiquK2tO8EftPO4F0KVwSOXZnW6UfdRDEBvm\nkqUGUrHAbRrn8xGVCk8EsmS4gYuZeflW7DnR7doC6rlSCPIvXCrXLm2PGSNcaUD2\nn/01AoIBAQCQuglojB+T9D9EgeE9QJMzcN9MiSZhv8ASUkcLY50+6KLjTDfCEkt4\nuQL55X0nTCFSONoT+09ol379WU0f0Ppd442rA/+rGP5faMZfdCWsM41gH7o9Yqab\nkISaOxRenHQFRVnRfoiN9WAF/lHxdE5m+7DDEYFMzZtF1BpN3qxG/yOmNcJA/bI1\n9u63p1Dbsq6RWGq2hksbZ88F+OgJP/4b8P7BwJ0ldR6lHb9ZP7fVM6HuaGKh5bWo\nMYhme65owmmRsMothaAmNmsx/s4x5ClFuZjyORJ+0PQVUJUz1HRbuKaBX9D8cYxR\nvNeeHvaiYIMsY5qH5jVKlkUyIfEjM5BRAoIBAQC2SEfENypi+Kzu9kwgpOUPURHJ\ngyYPavglWY7Z/VL9I3xMJlQD6q0eUKyqGgBsE4bAtQ3G2VWZb6aj4+CrM9EmIKVp\nSLHjpd15C2AsuKLBNQlpTRqDhGzoUvlaVtpwRw6+vx5IGHOAw7biTFNQTicB7mpM\nq4Hli98ryZTCvj35xuct2c8vT3lOMBYw5tL8Gr0nbdVL4JyiWQevuHZ5+18nbR4u\nngOnmbyiymeW2nmarxeuaMTVUprJFrT5wo/UrDEilLK734JiVVoOBceX8ijkNz6W\nyY3OlKUtXZCxxru0B1++sB73AeqSWbGdVL1T/i4oeuSFIt08qUrsK8rUbZHK\n-----END RSA PRIVATE KEY-----\n",
      "type": "string",
      "sensitive": true
    },
    "output_public_ip": {
      "value": "",
      "type": "string"
    }
  },
  "resources": [
    {
      "mode": "managed",
      "type": "azurerm_resource_group",
      "name": "rg_prod",
      "provider": "provider[\"registry.terraform.io/hashicorp/azurerm\"]",
      "instances": [
        {
          "schema_version": 0,
          "attributes": {
            "id": "/subscriptions/3ec335d6-1a42-463b-95e2-4fde3269c94d/resourceGroups/production-resource_group",
            "location": "westeurope",
            "name": "production-resource_group",
            "tags": {
              "Environment": "Production",
              "Team": "Team 5",
              "Version": "1"
            },
            "timeouts": null
          },
          "sensitive_attributes": [],
          "private": "eyJlMmJmYjczMC1lY2FhLTExZTYtOGY4OC0zNDM2M2JjN2M0YzAiOnsiY3JlYXRlIjo1NDAwMDAwMDAwMDAwLCJkZWxldGUiOjU0MDAwMDAwMDAwMDAsInJlYWQiOjMwMDAwMDAwMDAwMCwidXBkYXRlIjo1NDAwMDAwMDAwMDAwfX0="
        }
      ]
    },
    {
      "module": "module.java_application",
      "mode": "managed",
      "type": "azurerm_app_service",
      "name": "app_service_prod",
      "provider": "provider[\"registry.terraform.io/hashicorp/azurerm\"]",
      "instances": [
        {
          "schema_version": 0,
          "attributes": {
            "app_service_plan_id": "/subscriptions/3ec335d6-1a42-463b-95e2-4fde3269c94d/resourceGroups/production-resource_group/providers/Microsoft.Web/serverfarms/production-ASP",
            "app_settings": {
              "DOCKER_REGISTRY_SERVER_URL": "https://index.docker.io",
              "SPRING_DATASOURCE_PASSWORD": "CodeHubTeam5!@",
              "SPRING_DATASOURCE_URL": "jdbc:mysql://production-mysql-server1.mysql.database.azure.com:3306/production_mysql_db?useUnicode=true\u0026characterEncoding=utf8\u0026useSSL=false\u0026useLegacyDatetimeCode=false\u0026serverTimezone=UTC",
              "SPRING_DATASOURCE_USERNAME": "rootteam5@production-mysql-server1",
              "WEBSITES_ENABLE_APP_SERVICE_STORAGE": "false"
            },
            "auth_settings": [
              {
                "active_directory": [],
                "additional_login_params": {},
                "allowed_external_redirect_urls": [],
                "default_provider": "",
                "enabled": false,
                "facebook": [],
                "google": [],
                "issuer": "",
                "microsoft": [],
                "runtime_version": "",
                "token_refresh_extension_hours": 0,
                "token_store_enabled": false,
                "twitter": [],
                "unauthenticated_client_action": ""
              }
            ],
            "backup": [],
            "client_affinity_enabled": false,
            "client_cert_enabled": false,
            "connection_string": [],
            "custom_domain_verification_id": "6619AC7084E2A0ABA8B21C7DE9D80DB5022D1FC07E1B78B462D9E2536E69635F",
            "default_site_hostname": "production-as.azurewebsites.net",
            "enabled": true,
            "https_only": false,
            "id": "/subscriptions/3ec335d6-1a42-463b-95e2-4fde3269c94d/resourceGroups/production-resource_group/providers/Microsoft.Web/sites/production-AS",
            "identity": [],
            "location": "westeurope",
            "logs": [
              {
                "application_logs": [
                  {
                    "azure_blob_storage": [],
                    "file_system_level": "Off"
                  }
                ],
                "detailed_error_messages_enabled": false,
                "failed_request_tracing_enabled": false,
                "http_logs": [
                  {
                    "azure_blob_storage": [],
                    "file_system": []
                  }
                ]
              }
            ],
            "name": "production-AS",
            "outbound_ip_address_list": [
              "51.124.22.192",
              "51.124.22.215",
              "51.124.23.119",
              "51.138.16.35",
              "51.124.21.175",
              "51.138.20.233",
              "20.50.2.42"
            ],
            "outbound_ip_addresses": "51.124.22.192,51.124.22.215,51.124.23.119,51.138.16.35,51.124.21.175,51.138.20.233,20.50.2.42",
            "possible_outbound_ip_address_list": [
              "51.124.22.192",
              "51.124.22.215",
              "51.124.23.119",
              "51.138.16.35",
              "51.124.21.175",
              "51.138.20.233",
              "51.138.21.47",
              "51.138.21.189",
              "51.138.22.34",
              "51.138.22.122",
              "51.138.22.229",
              "51.138.104.128",
              "51.138.105.63",
              "51.138.105.163",
              "51.138.105.196",
              "51.138.106.37",
              "51.138.22.141",
              "51.138.106.177",
              "20.50.2.42"
            ],
            "possible_outbound_ip_addresses": "51.124.22.192,51.124.22.215,51.124.23.119,51.138.16.35,51.124.21.175,51.138.20.233,51.138.21.47,51.138.21.189,51.138.22.34,51.138.22.122,51.138.22.229,51.138.104.128,51.138.105.63,51.138.105.163,51.138.105.196,51.138.106.37,51.138.22.141,51.138.106.177,20.50.2.42",
            "resource_group_name": "production-resource_group",
            "site_config": [
              {
                "always_on": false,
                "app_command_line": "",
                "auto_swap_slot_name": "",
                "cors": [
                  {
                    "allowed_origins": [],
                    "support_credentials": false
                  }
                ],
                "default_documents": null,
                "dotnet_framework_version": "v4.0",
                "ftps_state": "AllAllowed",
                "health_check_path": "",
                "http2_enabled": false,
                "ip_restriction": [],
                "java_container": "",
                "java_container_version": "",
                "java_version": "",
                "linux_fx_version": "DOCKER|mysql_image:mysql image for production",
                "local_mysql_enabled": false,
                "managed_pipeline_mode": "Integrated",
                "min_tls_version": "1.2",
                "number_of_workers": 1,
                "php_version": "",
                "python_version": "",
                "remote_debugging_enabled": false,
                "remote_debugging_version": "VS2019",
                "scm_ip_restriction": [],
                "scm_type": "None",
                "scm_use_main_ip_restriction": false,
                "use_32_bit_worker_process": true,
                "websockets_enabled": false,
                "windows_fx_version": ""
              }
            ],
            "site_credential": [
              {
                "password": "yfA4FGE2gAFKwCrQEoPqTaaGhnF8xtaqYfHBmaC8A2p6NyCcbbTTKwQsxwtD",
                "username": "$production-AS"
              }
            ],
            "source_control": [
              {
                "branch": "master",
                "manual_integration": false,
                "repo_url": "",
                "rollback_enabled": false,
                "use_mercurial": false
              }
            ],
            "storage_account": [],
            "tags": null,
            "timeouts": null
          },
          "sensitive_attributes": [],
          "private": "eyJlMmJmYjczMC1lY2FhLTExZTYtOGY4OC0zNDM2M2JjN2M0YzAiOnsiY3JlYXRlIjoxODAwMDAwMDAwMDAwLCJkZWxldGUiOjE4MDAwMDAwMDAwMDAsInJlYWQiOjMwMDAwMDAwMDAwMCwidXBkYXRlIjoxODAwMDAwMDAwMDAwfX0=",
          "dependencies": [
            "azurerm_resource_group.rg_prod",
            "module.java_application.azurerm_app_service_plan.service_plan_prod",
            "module.mysql.azurerm_mysql_database.mysql_db_prod",
            "module.mysql.azurerm_mysql_firewall_rule.mysql_firewall_prod",
            "module.mysql.azurerm_mysql_server.mysql_server_prod"
          ]
        }
      ]
    },
    {
      "module": "module.java_application",
      "mode": "managed",
      "type": "azurerm_app_service_plan",
      "name": "service_plan_prod",
      "provider": "provider[\"registry.terraform.io/hashicorp/azurerm\"]",
      "instances": [
        {
          "schema_version": 0,
          "attributes": {
            "app_service_environment_id": "",
            "id": "/subscriptions/3ec335d6-1a42-463b-95e2-4fde3269c94d/resourceGroups/production-resource_group/providers/Microsoft.Web/serverfarms/production-ASP",
            "is_xenon": false,
            "kind": "linux",
            "location": "westeurope",
            "maximum_elastic_worker_count": 1,
            "maximum_number_of_workers": 1,
            "name": "production-ASP",
            "per_site_scaling": false,
            "reserved": true,
            "resource_group_name": "production-resource_group",
            "sku": [
              {
                "capacity": 1,
                "size": "F1",
                "tier": "Free"
              }
            ],
            "tags": null,
            "timeouts": null
          },
          "sensitive_attributes": [],
          "private": "eyJlMmJmYjczMC1lY2FhLTExZTYtOGY4OC0zNDM2M2JjN2M0YzAiOnsiY3JlYXRlIjozNjAwMDAwMDAwMDAwLCJkZWxldGUiOjM2MDAwMDAwMDAwMDAsInJlYWQiOjMwMDAwMDAwMDAwMCwidXBkYXRlIjozNjAwMDAwMDAwMDAwfX0=",
          "dependencies": [
            "azurerm_resource_group.rg_prod"
          ]
        }
      ]
    },
    {
      "module": "module.mysql",
      "mode": "managed",
      "type": "azurerm_mysql_database",
      "name": "mysql_db_prod",
      "provider": "provider[\"registry.terraform.io/hashicorp/azurerm\"]",
      "instances": [
        {
          "schema_version": 0,
          "attributes": {
            "charset": "utf8",
            "collation": "utf8_unicode_ci",
            "id": "/subscriptions/3ec335d6-1a42-463b-95e2-4fde3269c94d/resourceGroups/production-resource_group/providers/Microsoft.DBforMySQL/servers/production-mysql-server1/databases/production_mysql_db",
            "name": "production_mysql_db",
            "resource_group_name": "production-resource_group",
            "server_name": "production-mysql-server1",
            "timeouts": null
          },
          "sensitive_attributes": [],
          "private": "eyJlMmJmYjczMC1lY2FhLTExZTYtOGY4OC0zNDM2M2JjN2M0YzAiOnsiY3JlYXRlIjozNjAwMDAwMDAwMDAwLCJkZWxldGUiOjM2MDAwMDAwMDAwMDAsInJlYWQiOjMwMDAwMDAwMDAwMCwidXBkYXRlIjozNjAwMDAwMDAwMDAwfX0=",
          "dependencies": [
            "azurerm_resource_group.rg_prod",
            "module.mysql.azurerm_mysql_server.mysql_server_prod"
          ]
        }
      ]
    },
    {
      "module": "module.mysql",
      "mode": "managed",
      "type": "azurerm_mysql_firewall_rule",
      "name": "mysql_firewall_prod",
      "provider": "provider[\"registry.terraform.io/hashicorp/azurerm\"]",
      "instances": [
        {
          "schema_version": 0,
          "attributes": {
            "end_ip_address": "0.0.0.0",
            "id": "/subscriptions/3ec335d6-1a42-463b-95e2-4fde3269c94d/resourceGroups/production-resource_group/providers/Microsoft.DBforMySQL/servers/production-mysql-server1/firewallRules/production-mysql-firewall",
            "name": "production-mysql-firewall",
            "resource_group_name": "production-resource_group",
            "server_name": "production-mysql-server1",
            "start_ip_address": "0.0.0.0",
            "timeouts": null
          },
          "sensitive_attributes": [],
          "private": "eyJlMmJmYjczMC1lY2FhLTExZTYtOGY4OC0zNDM2M2JjN2M0YzAiOnsiY3JlYXRlIjoxODAwMDAwMDAwMDAwLCJkZWxldGUiOjE4MDAwMDAwMDAwMDAsInJlYWQiOjMwMDAwMDAwMDAwMCwidXBkYXRlIjoxODAwMDAwMDAwMDAwfX0=",
          "dependencies": [
            "azurerm_resource_group.rg_prod",
            "module.mysql.azurerm_mysql_server.mysql_server_prod"
          ]
        }
      ]
    },
    {
      "module": "module.mysql",
      "mode": "managed",
      "type": "azurerm_mysql_server",
      "name": "mysql_server_prod",
      "provider": "provider[\"registry.terraform.io/hashicorp/azurerm\"]",
      "instances": [
        {
          "schema_version": 0,
          "attributes": {
            "administrator_login": "rootteam5",
            "administrator_login_password": "CodeHubTeam5!@",
            "auto_grow_enabled": false,
            "backup_retention_days": 7,
            "create_mode": "Default",
            "creation_source_server_id": null,
            "fqdn": "production-mysql-server1.mysql.database.azure.com",
            "geo_redundant_backup_enabled": false,
            "id": "/subscriptions/3ec335d6-1a42-463b-95e2-4fde3269c94d/resourceGroups/production-resource_group/providers/Microsoft.DBforMySQL/servers/production-mysql-server1",
            "identity": [],
            "infrastructure_encryption_enabled": false,
            "location": "westeurope",
            "name": "production-mysql-server1",
            "public_network_access_enabled": true,
            "resource_group_name": "production-resource_group",
            "restore_point_in_time": null,
            "sku_name": "B_Gen5_2",
            "ssl_enforcement": "Disabled",
            "ssl_enforcement_enabled": false,
            "ssl_minimal_tls_version_enforced": "TLSEnforcementDisabled",
            "storage_mb": 5120,
            "storage_profile": [
              {
                "auto_grow": "Disabled",
                "backup_retention_days": 7,
                "geo_redundant_backup": "Disabled",
                "storage_mb": 5120
              }
            ],
            "tags": null,
            "threat_detection_policy": [],
            "timeouts": null,
            "version": "5.7"
          },
          "sensitive_attributes": [],
          "private": "eyJlMmJmYjczMC1lY2FhLTExZTYtOGY4OC0zNDM2M2JjN2M0YzAiOnsiY3JlYXRlIjozNjAwMDAwMDAwMDAwLCJkZWxldGUiOjM2MDAwMDAwMDAwMDAsInJlYWQiOjMwMDAwMDAwMDAwMCwidXBkYXRlIjozNjAwMDAwMDAwMDAwfX0=",
          "dependencies": [
            "azurerm_resource_group.rg_prod"
          ]
        }
      ]
    },
    {
      "module": "module.virtual_machines",
      "mode": "data",
      "type": "azurerm_public_ip",
      "name": "public_ip_prod",
      "provider": "provider[\"registry.terraform.io/hashicorp/azurerm\"]",
      "instances": [
        {
          "schema_version": 0,
          "attributes": {
            "allocation_method": "Dynamic",
            "domain_name_label": "",
            "fqdn": "",
            "id": "/subscriptions/3ec335d6-1a42-463b-95e2-4fde3269c94d/resourceGroups/production-resource_group/providers/Microsoft.Network/publicIPAddresses/production-publicIP",
            "idle_timeout_in_minutes": 4,
            "ip_address": "40.68.229.3",
            "ip_tags": {},
            "ip_version": "IPv4",
            "location": "westeurope",
            "name": "production-publicIP",
            "resource_group_name": "production-resource_group",
            "reverse_fqdn": "",
            "sku": "Basic",
            "tags": {},
            "timeouts": null,
            "zones": []
          },
          "sensitive_attributes": []
        }
      ]
    },
    {
      "module": "module.virtual_machines",
      "mode": "managed",
      "type": "azurerm_network_interface",
      "name": "nic_prod",
      "provider": "provider[\"registry.terraform.io/hashicorp/azurerm\"]",
      "instances": [
        {
          "schema_version": 0,
          "attributes": {
            "applied_dns_servers": [],
            "dns_servers": [],
            "enable_accelerated_networking": false,
            "enable_ip_forwarding": false,
            "id": "/subscriptions/3ec335d6-1a42-463b-95e2-4fde3269c94d/resourceGroups/production-resource_group/providers/Microsoft.Network/networkInterfaces/production-nic",
            "internal_dns_name_label": "",
            "internal_domain_name_suffix": "2vzneo210qnulnqe25bz1xqkgd.ax.internal.cloudapp.net",
            "ip_configuration": [
              {
                "name": "production-nic_conf",
                "primary": true,
                "private_ip_address": "10.0.1.4",
                "private_ip_address_allocation": "Dynamic",
                "private_ip_address_version": "IPv4",
                "public_ip_address_id": "/subscriptions/3ec335d6-1a42-463b-95e2-4fde3269c94d/resourceGroups/production-resource_group/providers/Microsoft.Network/publicIPAddresses/production-publicIP",
                "subnet_id": "/subscriptions/3ec335d6-1a42-463b-95e2-4fde3269c94d/resourceGroups/production-resource_group/providers/Microsoft.Network/virtualNetworks/production-vnet/subnets/production-subnet"
              }
            ],
            "location": "westeurope",
            "mac_address": "",
            "name": "production-nic",
            "private_ip_address": "10.0.1.4",
            "private_ip_addresses": [
              "10.0.1.4"
            ],
            "resource_group_name": "production-resource_group",
            "tags": null,
            "timeouts": null,
            "virtual_machine_id": ""
          },
          "sensitive_attributes": [],
          "private": "eyJlMmJmYjczMC1lY2FhLTExZTYtOGY4OC0zNDM2M2JjN2M0YzAiOnsiY3JlYXRlIjoxODAwMDAwMDAwMDAwLCJkZWxldGUiOjE4MDAwMDAwMDAwMDAsInJlYWQiOjMwMDAwMDAwMDAwMCwidXBkYXRlIjoxODAwMDAwMDAwMDAwfX0=",
          "dependencies": [
            "azurerm_resource_group.rg_prod",
            "module.virtual_machines.azurerm_public_ip.public_ip_prod",
            "module.virtual_machines.azurerm_subnet.subnet_prod",
            "module.virtual_machines.azurerm_virtual_network.vnet_prod"
          ]
        }
      ]
    },
    {
      "module": "module.virtual_machines",
      "mode": "managed",
      "type": "azurerm_network_interface_security_group_association",
      "name": "nic_security_prod",
      "provider": "provider[\"registry.terraform.io/hashicorp/azurerm\"]",
      "instances": [
        {
          "schema_version": 0,
          "attributes": {
            "id": "/subscriptions/3ec335d6-1a42-463b-95e2-4fde3269c94d/resourceGroups/production-resource_group/providers/Microsoft.Network/networkInterfaces/production-nic|/subscriptions/3ec335d6-1a42-463b-95e2-4fde3269c94d/resourceGroups/production-resource_group/providers/Microsoft.Network/networkSecurityGroups/production-nsg",
            "network_interface_id": "/subscriptions/3ec335d6-1a42-463b-95e2-4fde3269c94d/resourceGroups/production-resource_group/providers/Microsoft.Network/networkInterfaces/production-nic",
            "network_security_group_id": "/subscriptions/3ec335d6-1a42-463b-95e2-4fde3269c94d/resourceGroups/production-resource_group/providers/Microsoft.Network/networkSecurityGroups/production-nsg",
            "timeouts": null
          },
          "sensitive_attributes": [],
          "private": "eyJlMmJmYjczMC1lY2FhLTExZTYtOGY4OC0zNDM2M2JjN2M0YzAiOnsiY3JlYXRlIjoxODAwMDAwMDAwMDAwLCJkZWxldGUiOjE4MDAwMDAwMDAwMDAsInJlYWQiOjMwMDAwMDAwMDAwMCwidXBkYXRlIjoxODAwMDAwMDAwMDAwfX0=",
          "dependencies": [
            "azurerm_resource_group.rg_prod",
            "module.virtual_machines.azurerm_network_interface.nic_prod",
            "module.virtual_machines.azurerm_network_security_group.nsg_prod",
            "module.virtual_machines.azurerm_public_ip.public_ip_prod",
            "module.virtual_machines.azurerm_subnet.subnet_prod",
            "module.virtual_machines.azurerm_virtual_network.vnet_prod"
          ]
        }
      ]
    },
    {
      "module": "module.virtual_machines",
      "mode": "managed",
      "type": "azurerm_network_security_group",
      "name": "nsg_prod",
      "provider": "provider[\"registry.terraform.io/hashicorp/azurerm\"]",
      "instances": [
        {
          "schema_version": 0,
          "attributes": {
            "id": "/subscriptions/3ec335d6-1a42-463b-95e2-4fde3269c94d/resourceGroups/production-resource_group/providers/Microsoft.Network/networkSecurityGroups/production-nsg",
            "location": "westeurope",
            "name": "production-nsg",
            "resource_group_name": "production-resource_group",
            "security_rule": [
              {
                "access": "Allow",
                "description": "",
                "destination_address_prefix": "*",
                "destination_address_prefixes": [],
                "destination_application_security_group_ids": [],
                "destination_port_range": "22",
                "destination_port_ranges": [],
                "direction": "Inbound",
                "name": "SSH",
                "priority": 1000,
                "protocol": "Tcp",
                "source_address_prefix": "*",
                "source_address_prefixes": [],
                "source_application_security_group_ids": [],
                "source_port_range": "*",
                "source_port_ranges": []
              }
            ],
            "tags": null,
            "timeouts": null
          },
          "sensitive_attributes": [],
          "private": "eyJlMmJmYjczMC1lY2FhLTExZTYtOGY4OC0zNDM2M2JjN2M0YzAiOnsiY3JlYXRlIjoxODAwMDAwMDAwMDAwLCJkZWxldGUiOjE4MDAwMDAwMDAwMDAsInJlYWQiOjMwMDAwMDAwMDAwMCwidXBkYXRlIjoxODAwMDAwMDAwMDAwfX0=",
          "dependencies": [
            "azurerm_resource_group.rg_prod"
          ]
        }
      ]
    },
    {
      "module": "module.virtual_machines",
      "mode": "managed",
      "type": "azurerm_public_ip",
      "name": "public_ip_prod",
      "provider": "provider[\"registry.terraform.io/hashicorp/azurerm\"]",
      "instances": [
        {
          "schema_version": 0,
          "attributes": {
            "allocation_method": "Dynamic",
            "domain_name_label": null,
            "fqdn": null,
            "id": "/subscriptions/3ec335d6-1a42-463b-95e2-4fde3269c94d/resourceGroups/production-resource_group/providers/Microsoft.Network/publicIPAddresses/production-publicIP",
            "idle_timeout_in_minutes": 4,
            "ip_address": "",
            "ip_tags": null,
            "ip_version": "IPv4",
            "location": "westeurope",
            "name": "production-publicIP",
            "public_ip_prefix_id": null,
            "resource_group_name": "production-resource_group",
            "reverse_fqdn": null,
            "sku": "Basic",
            "tags": null,
            "timeouts": null,
            "zones": null
          },
          "sensitive_attributes": [],
          "private": "eyJlMmJmYjczMC1lY2FhLTExZTYtOGY4OC0zNDM2M2JjN2M0YzAiOnsiY3JlYXRlIjoxODAwMDAwMDAwMDAwLCJkZWxldGUiOjE4MDAwMDAwMDAwMDAsInJlYWQiOjMwMDAwMDAwMDAwMCwidXBkYXRlIjoxODAwMDAwMDAwMDAwfX0=",
          "dependencies": [
            "azurerm_resource_group.rg_prod"
          ]
        }
      ]
    },
    {
      "module": "module.virtual_machines",
      "mode": "managed",
      "type": "azurerm_subnet",
      "name": "subnet_prod",
      "provider": "provider[\"registry.terraform.io/hashicorp/azurerm\"]",
      "instances": [
        {
          "schema_version": 0,
          "attributes": {
            "address_prefix": "10.0.1.0/24",
            "address_prefixes": [
              "10.0.1.0/24"
            ],
            "delegation": [],
            "enforce_private_link_endpoint_network_policies": false,
            "enforce_private_link_service_network_policies": false,
            "id": "/subscriptions/3ec335d6-1a42-463b-95e2-4fde3269c94d/resourceGroups/production-resource_group/providers/Microsoft.Network/virtualNetworks/production-vnet/subnets/production-subnet",
            "name": "production-subnet",
            "resource_group_name": "production-resource_group",
            "service_endpoint_policy_ids": null,
            "service_endpoints": null,
            "timeouts": null,
            "virtual_network_name": "production-vnet"
          },
          "sensitive_attributes": [],
          "private": "eyJlMmJmYjczMC1lY2FhLTExZTYtOGY4OC0zNDM2M2JjN2M0YzAiOnsiY3JlYXRlIjoxODAwMDAwMDAwMDAwLCJkZWxldGUiOjE4MDAwMDAwMDAwMDAsInJlYWQiOjMwMDAwMDAwMDAwMCwidXBkYXRlIjoxODAwMDAwMDAwMDAwfX0=",
          "dependencies": [
            "azurerm_resource_group.rg_prod",
            "module.virtual_machines.azurerm_virtual_network.vnet_prod"
          ]
        }
      ]
    },
    {
      "module": "module.virtual_machines",
      "mode": "managed",
      "type": "azurerm_virtual_machine",
      "name": "vm_prod",
      "provider": "provider[\"registry.terraform.io/hashicorp/azurerm\"]",
      "instances": [
        {
          "schema_version": 0,
          "attributes": {
            "additional_capabilities": [],
            "availability_set_id": null,
            "boot_diagnostics": [],
            "delete_data_disks_on_termination": false,
            "delete_os_disk_on_termination": false,
            "id": "/subscriptions/3ec335d6-1a42-463b-95e2-4fde3269c94d/resourceGroups/production-resource_group/providers/Microsoft.Compute/virtualMachines/production-vm",
            "identity": [],
            "license_type": null,
            "location": "westeurope",
            "name": "production-vm",
            "network_interface_ids": [
              "/subscriptions/3ec335d6-1a42-463b-95e2-4fde3269c94d/resourceGroups/production-resource_group/providers/Microsoft.Network/networkInterfaces/production-nic"
            ],
            "os_profile": [
              {
                "admin_password": "",
                "admin_username": "codehubTeam5",
                "computer_name": "production-mycomputer",
                "custom_data": ""
              }
            ],
            "os_profile_linux_config": [
              {
                "disable_password_authentication": true,
                "ssh_keys": [
                  {
                    "key_data": "ssh-rsa AAAAB3NzaC1yc2EAAAADAQABAAACAQC6rLmfxykLZ2+dyNLO6P9RUc1Ujt961yAV0VzlbsiU0SlwiPEoO5Ke2yqwgb4+QIfnM0anSPU1hwwemnvXXeUGQq7u5/s5Mh1fXGBDolrxxgXZ3GziTJtJ3oeS/GBTKDkyN1pX9Jq/0+UNkhhHqwvdMVNLEchzfktN2aQW8aakU25EltMlHyP3lIgAbgYQpCZGADTBQ5vKMf2Tj6bTyia+hbN961tseyLrV7XjBnjGmTSpYwDl1m/X63NFJmk7hnZkRT5gx7Zou/6AnQJyXxQdkzB+MJ+nQIXemcum5VtBre04g0nwFwqnQRnO1LVDGJHuJ11DGXs9rsQt74NlDzelYFe/FZl3FK65WdxkYUcACt/N4tHoo/7Zz5y6DR4yytqdfL1Vvtdev/UskKPCOVbzI5CW4J3iZFbcjUFu3yrNESxBe4H3ZCxiKe2HFXuuMC8CrQOWCGk/zvvXBi2JnUytHcMfjUiXNPMotU2i7l97YOx+S4ynfJOb0I17gYln8wCUxeYzzQpmRK7BzSNqPuuvU8DOn098d5/hgX2cIYnrhgpmDf9/Jf8/CO7OAvrRU6lpMA9nF8ToYEZGBeL5IWiBUVRZCLxtiTaUJwIXa9JtqW7Xyhg2XW4nJMbQyQ1MqSXF1e2nL472gBQTkQOpT7J2rp2O/CduFcYYJDB4n3Sx3Q==",
                    "path": "/home/codehubTeam5/.ssh/authorized_keys"
                  }
                ]
              }
            ],
            "os_profile_secrets": [],
            "os_profile_windows_config": [],
            "plan": [],
            "primary_network_interface_id": null,
            "proximity_placement_group_id": null,
            "resource_group_name": "production-resource_group",
            "storage_data_disk": [],
            "storage_image_reference": [
              {
                "id": "",
                "offer": "UbuntuServer",
                "publisher": "Canonical",
                "sku": "18.04-LTS",
                "version": "latest"
              }
            ],
            "storage_os_disk": [
              {
                "caching": "ReadWrite",
                "create_option": "FromImage",
                "disk_size_gb": 30,
                "image_uri": "",
                "managed_disk_id": "/subscriptions/3ec335d6-1a42-463b-95e2-4fde3269c94d/resourceGroups/production-resource_group/providers/Microsoft.Compute/disks/production-osdisk",
                "managed_disk_type": "Standard_LRS",
                "name": "production-osdisk",
                "os_type": "Linux",
                "vhd_uri": "",
                "write_accelerator_enabled": false
              }
            ],
            "tags": {
              "Environment": "Production",
              "Team": "Team 5",
              "Version": "1"
            },
            "timeouts": null,
            "vm_size": "Standard_DS1_v2",
            "zones": null
          },
          "sensitive_attributes": [],
          "private": "eyJlMmJmYjczMC1lY2FhLTExZTYtOGY4OC0zNDM2M2JjN2M0YzAiOnsiY3JlYXRlIjozNjAwMDAwMDAwMDAwLCJkZWxldGUiOjM2MDAwMDAwMDAwMDAsInJlYWQiOjMwMDAwMDAwMDAwMCwidXBkYXRlIjozNjAwMDAwMDAwMDAwfX0=",
          "dependencies": [
            "azurerm_resource_group.rg_prod",
            "module.virtual_machines.azurerm_network_interface.nic_prod",
            "module.virtual_machines.azurerm_public_ip.public_ip_prod",
            "module.virtual_machines.azurerm_subnet.subnet_prod",
            "module.virtual_machines.azurerm_virtual_network.vnet_prod",
            "module.virtual_machines.tls_private_key.ssh_prod"
          ]
        }
      ]
    },
    {
      "module": "module.virtual_machines",
      "mode": "managed",
      "type": "azurerm_virtual_network",
      "name": "vnet_prod",
      "provider": "provider[\"registry.terraform.io/hashicorp/azurerm\"]",
      "instances": [
        {
          "schema_version": 0,
          "attributes": {
            "address_space": [
              "10.0.0.0/16"
            ],
            "bgp_community": "",
            "ddos_protection_plan": [],
            "dns_servers": null,
            "guid": "3bd272e5-d49b-451b-b604-e7c39dde0a33",
            "id": "/subscriptions/3ec335d6-1a42-463b-95e2-4fde3269c94d/resourceGroups/production-resource_group/providers/Microsoft.Network/virtualNetworks/production-vnet",
            "location": "westeurope",
            "name": "production-vnet",
            "resource_group_name": "production-resource_group",
            "subnet": [],
            "tags": null,
            "timeouts": null,
            "vm_protection_enabled": false
          },
          "sensitive_attributes": [],
          "private": "eyJlMmJmYjczMC1lY2FhLTExZTYtOGY4OC0zNDM2M2JjN2M0YzAiOnsiY3JlYXRlIjoxODAwMDAwMDAwMDAwLCJkZWxldGUiOjE4MDAwMDAwMDAwMDAsInJlYWQiOjMwMDAwMDAwMDAwMCwidXBkYXRlIjoxODAwMDAwMDAwMDAwfX0=",
          "dependencies": [
            "azurerm_resource_group.rg_prod"
          ]
        }
      ]
    },
    {
      "module": "module.virtual_machines",
      "mode": "managed",
      "type": "local_file",
      "name": "private_key",
      "provider": "provider[\"registry.terraform.io/hashicorp/local\"]",
      "instances": [
        {
          "schema_version": 0,
          "attributes": {
            "content": "-----BEGIN RSA PRIVATE KEY-----\nMIIJKQIBAAKCAgEAuqy5n8cpC2dvncjSzuj/UVHNVI7fetcgFdFc5W7IlNEpcIjx\nKDuSntsqsIG+PkCH5zNGp0j1NYcMHpp7113lBkKu7uf7OTIdX1xgQ6Ja8cYF2dxs\n4kybSd6HkvxgUyg5MjdaV/Sav9PlDZIYR6sL3TFTSxHIc35LTdmkFvGmpFNuRJbT\nJR8j95SIAG4GEKQmRgA0wUObyjH9k4+m08omvoWzfetbbHsi61e14wZ4xpk0qWMA\n5dZv1+tzRSZpO4Z2ZEU+YMe2aLv+gJ0Ccl8UHZMwfjCfp0CF3pnLpuVbQa3tOINJ\n8BcKp0EZztS1QxiR7iddQxl7Pa7ELe+DZQ83pWBXvxWZdxSuuVncZGFHAArfzeLR\n6KP+2c+cug0eMsranXy9Vb7XXr/1LJCjwjlW8yOQluCd4mRW3I1Bbt8qzREsQXuB\n92QsYinthxV7rjAvAq0DlghpP8771wYtiZ1MrR3DH41IlzTzKLVNou5fe2DsfkuM\np3yTm9CNe4GJZ/MAlMXmM80KZkSuwc0jaj7rr1PAzp9PfHef4YF9nCGJ64YKZg3/\nfyX/PwjuzgL60VOpaTAPZxfE6GBGRgXi+SFogVFUWQi8bYk2lCcCF2vSbalu18oY\nNl1uJyTG0MkNTKklxdXtpy+O9oAUE5EDqU+ydq6djvwnbhXGGCQweJ90sd0CAwEA\nAQKCAgBQup3UAVc4vVTB0bWJEa5Ixq2boeX3w8z2YoJgHlbUNNhM+IwCMDEqTfHa\nP2G8nj+ntr8ZXS3eJjcRjRF9g/eli3UHkH9OruOQ9+wRk8bsxAyHuRHFlAecHIZZ\nBJfLnpuNoe6KFxhNWR+3jLS/WbNZxxkUX+5mM/nxAuw5l+vPKN2JAAj0BtGRIkTm\nmq44yCRdJX2rDsfy20ekZv1ongW/YybKj9wLv/zL9jSMp6HXkS37Cvu6adAYepRx\nFTlxKqdMmb1uMTArfxGDIWOLfp6+Y4cXK4P/2qGKMMynsoySjNsIE48IK47J4hd9\nIPP6vkdtzMxCVmS7ujbQ/sG+FKSlPPzN9Xg3k8n9YG7UO9I46XVvGhxKvHQHu4FW\nK+6s5jk3q5BAuEFzE2K59JCejnYTPwg8K4bv0woFepD4vouhixSsvHHYE0CdqBv1\nmbvcMqKLgfWc+SDmfV95G+Qdq40JZbxJZzs/sOGRwUsLPzsXljB2f0zTqFnBT04c\nyYCJHvuSSFtKiwzIe3Hd2JIDguoRb9xSWjxc94A+Qa4l95Bo90o7JTpD7OKE0q5e\nXYSFeROw+6h59dTi+d8S2sE61fi+FHLYfyAb9N76dGfaRE5paoXuZKh0BPAFkS4j\nm7HKKILRA5Bjt1OLgodn9OPVxulcLzWKSR6/KdfuwkumNJPMQQKCAQEAz31/cwi/\nHw74p+nArib/XYBPP9hO7OlkKbQo5k2y+r5YJuNR58xXxRw2lQjVJDevQstKm4rY\nceDK78UbIZG//OF3ptQmdoI6PsoRh9Wl7nBDrkSU9QspCUTWajKRhxwhWg/z4FUF\nOAAdgmB9KcY7CC0tquCiWMZHoijKiXDea37tlD/o1ZRHR9j5QH+W3FWxxpWtNIJf\nB7Aos17hUhSQhG5SByuL0bnkwS9fMykXko07dViIXQv+uQf5kdlr09hK49AZQ/1H\nnvRwA4Jw8Y3HFjIBu+qBkT+YzOwinVwAmemgSjOxzIvfqjnJfttJ5Our31uC/lT3\nD1OUAMpOGW4HJQKCAQEA5lFlrXT6sRbPG3InmtwJBrOeXOyWAU5mImc5XK1Dz4yi\n8QNdBcs+3ZoZtDBVBOTdCqsTHTZ9BZNPvFGSxiOlPB+mk2L3xsOsdJAa59WP4oR3\nhnDUCGKXMcMn43PmjGtI8++7g5OZrsCeUCFeZkKDe6FpPABgEZkIlmGMENCh9Se2\nuwUplE7xMM4ctebdS2BHowwlo66AfT1Lo4A65O8zFdBM5n8txv+ECS1+a8j0gWuS\n9CqGqM/rmPQUsB72d4hDdcOToHdwJ1Pw++WxmrBWyphKkdjd2M8YfnGf+RkHLLn0\nv6aZa4uirSTSR2EXS2xify2VbK2XclcNRKKW1vB+WQKCAQApp7M/f+EGtjW7WBVD\noTahKdI/KgjmTRC7wpx3Z9/nsPD3lalq1L5GJxzaHLTVmYxI55Ep2t0LN6rmKfcB\nbUZS2VzxFCRIpGpXErAkSgMO9GDSCpiw/TWW08gL9+z5Z+9WKl+2iLsMfBFwjDh0\ne4R8Zr2FUaWmFuBosLHAl/U/NXMy0QXIYwVQakHX7gV2ZInVKVVldkrnuzjgkcrA\ndLpyq8cyA08FosFG+2CsX7KIzGvEaiquK2tO8EftPO4F0KVwSOXZnW6UfdRDEBvm\nkqUGUrHAbRrn8xGVCk8EsmS4gYuZeflW7DnR7doC6rlSCPIvXCrXLm2PGSNcaUD2\nn/01AoIBAQCQuglojB+T9D9EgeE9QJMzcN9MiSZhv8ASUkcLY50+6KLjTDfCEkt4\nuQL55X0nTCFSONoT+09ol379WU0f0Ppd442rA/+rGP5faMZfdCWsM41gH7o9Yqab\nkISaOxRenHQFRVnRfoiN9WAF/lHxdE5m+7DDEYFMzZtF1BpN3qxG/yOmNcJA/bI1\n9u63p1Dbsq6RWGq2hksbZ88F+OgJP/4b8P7BwJ0ldR6lHb9ZP7fVM6HuaGKh5bWo\nMYhme65owmmRsMothaAmNmsx/s4x5ClFuZjyORJ+0PQVUJUz1HRbuKaBX9D8cYxR\nvNeeHvaiYIMsY5qH5jVKlkUyIfEjM5BRAoIBAQC2SEfENypi+Kzu9kwgpOUPURHJ\ngyYPavglWY7Z/VL9I3xMJlQD6q0eUKyqGgBsE4bAtQ3G2VWZb6aj4+CrM9EmIKVp\nSLHjpd15C2AsuKLBNQlpTRqDhGzoUvlaVtpwRw6+vx5IGHOAw7biTFNQTicB7mpM\nq4Hli98ryZTCvj35xuct2c8vT3lOMBYw5tL8Gr0nbdVL4JyiWQevuHZ5+18nbR4u\nngOnmbyiymeW2nmarxeuaMTVUprJFrT5wo/UrDEilLK734JiVVoOBceX8ijkNz6W\nyY3OlKUtXZCxxru0B1++sB73AeqSWbGdVL1T/i4oeuSFIt08qUrsK8rUbZHK\n-----END RSA PRIVATE KEY-----",
            "content_base64": null,
            "directory_permission": "0777",
            "file_permission": "0600",
            "filename": "modules/private_connection_key.pem",
            "id": "d7cb955080b590b099050aea92d9934e8209c307",
            "sensitive_content": null,
            "source": null
          },
          "sensitive_attributes": [
            [
              {
                "type": "get_attr",
                "value": "content"
              }
            ]
          ],
          "private": "bnVsbA==",
          "dependencies": [
            "module.virtual_machines.tls_private_key.ssh_prod"
          ]
        }
      ]
    },
    {
      "module": "module.virtual_machines",
      "mode": "managed",
      "type": "tls_private_key",
      "name": "ssh_prod",
      "provider": "provider[\"registry.terraform.io/hashicorp/tls\"]",
      "instances": [
        {
          "schema_version": 0,
          "attributes": {
            "algorithm": "RSA",
            "ecdsa_curve": "P224",
            "id": "d9c157096588f1f6fbcc9a11c80db57b36b53dfd",
            "private_key_pem": "-----BEGIN RSA PRIVATE KEY-----\nMIIJKQIBAAKCAgEAuqy5n8cpC2dvncjSzuj/UVHNVI7fetcgFdFc5W7IlNEpcIjx\nKDuSntsqsIG+PkCH5zNGp0j1NYcMHpp7113lBkKu7uf7OTIdX1xgQ6Ja8cYF2dxs\n4kybSd6HkvxgUyg5MjdaV/Sav9PlDZIYR6sL3TFTSxHIc35LTdmkFvGmpFNuRJbT\nJR8j95SIAG4GEKQmRgA0wUObyjH9k4+m08omvoWzfetbbHsi61e14wZ4xpk0qWMA\n5dZv1+tzRSZpO4Z2ZEU+YMe2aLv+gJ0Ccl8UHZMwfjCfp0CF3pnLpuVbQa3tOINJ\n8BcKp0EZztS1QxiR7iddQxl7Pa7ELe+DZQ83pWBXvxWZdxSuuVncZGFHAArfzeLR\n6KP+2c+cug0eMsranXy9Vb7XXr/1LJCjwjlW8yOQluCd4mRW3I1Bbt8qzREsQXuB\n92QsYinthxV7rjAvAq0DlghpP8771wYtiZ1MrR3DH41IlzTzKLVNou5fe2DsfkuM\np3yTm9CNe4GJZ/MAlMXmM80KZkSuwc0jaj7rr1PAzp9PfHef4YF9nCGJ64YKZg3/\nfyX/PwjuzgL60VOpaTAPZxfE6GBGRgXi+SFogVFUWQi8bYk2lCcCF2vSbalu18oY\nNl1uJyTG0MkNTKklxdXtpy+O9oAUE5EDqU+ydq6djvwnbhXGGCQweJ90sd0CAwEA\nAQKCAgBQup3UAVc4vVTB0bWJEa5Ixq2boeX3w8z2YoJgHlbUNNhM+IwCMDEqTfHa\nP2G8nj+ntr8ZXS3eJjcRjRF9g/eli3UHkH9OruOQ9+wRk8bsxAyHuRHFlAecHIZZ\nBJfLnpuNoe6KFxhNWR+3jLS/WbNZxxkUX+5mM/nxAuw5l+vPKN2JAAj0BtGRIkTm\nmq44yCRdJX2rDsfy20ekZv1ongW/YybKj9wLv/zL9jSMp6HXkS37Cvu6adAYepRx\nFTlxKqdMmb1uMTArfxGDIWOLfp6+Y4cXK4P/2qGKMMynsoySjNsIE48IK47J4hd9\nIPP6vkdtzMxCVmS7ujbQ/sG+FKSlPPzN9Xg3k8n9YG7UO9I46XVvGhxKvHQHu4FW\nK+6s5jk3q5BAuEFzE2K59JCejnYTPwg8K4bv0woFepD4vouhixSsvHHYE0CdqBv1\nmbvcMqKLgfWc+SDmfV95G+Qdq40JZbxJZzs/sOGRwUsLPzsXljB2f0zTqFnBT04c\nyYCJHvuSSFtKiwzIe3Hd2JIDguoRb9xSWjxc94A+Qa4l95Bo90o7JTpD7OKE0q5e\nXYSFeROw+6h59dTi+d8S2sE61fi+FHLYfyAb9N76dGfaRE5paoXuZKh0BPAFkS4j\nm7HKKILRA5Bjt1OLgodn9OPVxulcLzWKSR6/KdfuwkumNJPMQQKCAQEAz31/cwi/\nHw74p+nArib/XYBPP9hO7OlkKbQo5k2y+r5YJuNR58xXxRw2lQjVJDevQstKm4rY\nceDK78UbIZG//OF3ptQmdoI6PsoRh9Wl7nBDrkSU9QspCUTWajKRhxwhWg/z4FUF\nOAAdgmB9KcY7CC0tquCiWMZHoijKiXDea37tlD/o1ZRHR9j5QH+W3FWxxpWtNIJf\nB7Aos17hUhSQhG5SByuL0bnkwS9fMykXko07dViIXQv+uQf5kdlr09hK49AZQ/1H\nnvRwA4Jw8Y3HFjIBu+qBkT+YzOwinVwAmemgSjOxzIvfqjnJfttJ5Our31uC/lT3\nD1OUAMpOGW4HJQKCAQEA5lFlrXT6sRbPG3InmtwJBrOeXOyWAU5mImc5XK1Dz4yi\n8QNdBcs+3ZoZtDBVBOTdCqsTHTZ9BZNPvFGSxiOlPB+mk2L3xsOsdJAa59WP4oR3\nhnDUCGKXMcMn43PmjGtI8++7g5OZrsCeUCFeZkKDe6FpPABgEZkIlmGMENCh9Se2\nuwUplE7xMM4ctebdS2BHowwlo66AfT1Lo4A65O8zFdBM5n8txv+ECS1+a8j0gWuS\n9CqGqM/rmPQUsB72d4hDdcOToHdwJ1Pw++WxmrBWyphKkdjd2M8YfnGf+RkHLLn0\nv6aZa4uirSTSR2EXS2xify2VbK2XclcNRKKW1vB+WQKCAQApp7M/f+EGtjW7WBVD\noTahKdI/KgjmTRC7wpx3Z9/nsPD3lalq1L5GJxzaHLTVmYxI55Ep2t0LN6rmKfcB\nbUZS2VzxFCRIpGpXErAkSgMO9GDSCpiw/TWW08gL9+z5Z+9WKl+2iLsMfBFwjDh0\ne4R8Zr2FUaWmFuBosLHAl/U/NXMy0QXIYwVQakHX7gV2ZInVKVVldkrnuzjgkcrA\ndLpyq8cyA08FosFG+2CsX7KIzGvEaiquK2tO8EftPO4F0KVwSOXZnW6UfdRDEBvm\nkqUGUrHAbRrn8xGVCk8EsmS4gYuZeflW7DnR7doC6rlSCPIvXCrXLm2PGSNcaUD2\nn/01AoIBAQCQuglojB+T9D9EgeE9QJMzcN9MiSZhv8ASUkcLY50+6KLjTDfCEkt4\nuQL55X0nTCFSONoT+09ol379WU0f0Ppd442rA/+rGP5faMZfdCWsM41gH7o9Yqab\nkISaOxRenHQFRVnRfoiN9WAF/lHxdE5m+7DDEYFMzZtF1BpN3qxG/yOmNcJA/bI1\n9u63p1Dbsq6RWGq2hksbZ88F+OgJP/4b8P7BwJ0ldR6lHb9ZP7fVM6HuaGKh5bWo\nMYhme65owmmRsMothaAmNmsx/s4x5ClFuZjyORJ+0PQVUJUz1HRbuKaBX9D8cYxR\nvNeeHvaiYIMsY5qH5jVKlkUyIfEjM5BRAoIBAQC2SEfENypi+Kzu9kwgpOUPURHJ\ngyYPavglWY7Z/VL9I3xMJlQD6q0eUKyqGgBsE4bAtQ3G2VWZb6aj4+CrM9EmIKVp\nSLHjpd15C2AsuKLBNQlpTRqDhGzoUvlaVtpwRw6+vx5IGHOAw7biTFNQTicB7mpM\nq4Hli98ryZTCvj35xuct2c8vT3lOMBYw5tL8Gr0nbdVL4JyiWQevuHZ5+18nbR4u\nngOnmbyiymeW2nmarxeuaMTVUprJFrT5wo/UrDEilLK734JiVVoOBceX8ijkNz6W\nyY3OlKUtXZCxxru0B1++sB73AeqSWbGdVL1T/i4oeuSFIt08qUrsK8rUbZHK\n-----END RSA PRIVATE KEY-----\n",
            "public_key_fingerprint_md5": "da:11:be:a8:55:a4:7e:24:9b:c9:19:ee:79:08:34:5c",
            "public_key_openssh": "ssh-rsa AAAAB3NzaC1yc2EAAAADAQABAAACAQC6rLmfxykLZ2+dyNLO6P9RUc1Ujt961yAV0VzlbsiU0SlwiPEoO5Ke2yqwgb4+QIfnM0anSPU1hwwemnvXXeUGQq7u5/s5Mh1fXGBDolrxxgXZ3GziTJtJ3oeS/GBTKDkyN1pX9Jq/0+UNkhhHqwvdMVNLEchzfktN2aQW8aakU25EltMlHyP3lIgAbgYQpCZGADTBQ5vKMf2Tj6bTyia+hbN961tseyLrV7XjBnjGmTSpYwDl1m/X63NFJmk7hnZkRT5gx7Zou/6AnQJyXxQdkzB+MJ+nQIXemcum5VtBre04g0nwFwqnQRnO1LVDGJHuJ11DGXs9rsQt74NlDzelYFe/FZl3FK65WdxkYUcACt/N4tHoo/7Zz5y6DR4yytqdfL1Vvtdev/UskKPCOVbzI5CW4J3iZFbcjUFu3yrNESxBe4H3ZCxiKe2HFXuuMC8CrQOWCGk/zvvXBi2JnUytHcMfjUiXNPMotU2i7l97YOx+S4ynfJOb0I17gYln8wCUxeYzzQpmRK7BzSNqPuuvU8DOn098d5/hgX2cIYnrhgpmDf9/Jf8/CO7OAvrRU6lpMA9nF8ToYEZGBeL5IWiBUVRZCLxtiTaUJwIXa9JtqW7Xyhg2XW4nJMbQyQ1MqSXF1e2nL472gBQTkQOpT7J2rp2O/CduFcYYJDB4n3Sx3Q==\n",
            "public_key_pem": "-----BEGIN PUBLIC KEY-----\nMIICIjANBgkqhkiG9w0BAQEFAAOCAg8AMIICCgKCAgEAuqy5n8cpC2dvncjSzuj/\nUVHNVI7fetcgFdFc5W7IlNEpcIjxKDuSntsqsIG+PkCH5zNGp0j1NYcMHpp7113l\nBkKu7uf7OTIdX1xgQ6Ja8cYF2dxs4kybSd6HkvxgUyg5MjdaV/Sav9PlDZIYR6sL\n3TFTSxHIc35LTdmkFvGmpFNuRJbTJR8j95SIAG4GEKQmRgA0wUObyjH9k4+m08om\nvoWzfetbbHsi61e14wZ4xpk0qWMA5dZv1+tzRSZpO4Z2ZEU+YMe2aLv+gJ0Ccl8U\nHZMwfjCfp0CF3pnLpuVbQa3tOINJ8BcKp0EZztS1QxiR7iddQxl7Pa7ELe+DZQ83\npWBXvxWZdxSuuVncZGFHAArfzeLR6KP+2c+cug0eMsranXy9Vb7XXr/1LJCjwjlW\n8yOQluCd4mRW3I1Bbt8qzREsQXuB92QsYinthxV7rjAvAq0DlghpP8771wYtiZ1M\nrR3DH41IlzTzKLVNou5fe2DsfkuMp3yTm9CNe4GJZ/MAlMXmM80KZkSuwc0jaj7r\nr1PAzp9PfHef4YF9nCGJ64YKZg3/fyX/PwjuzgL60VOpaTAPZxfE6GBGRgXi+SFo\ngVFUWQi8bYk2lCcCF2vSbalu18oYNl1uJyTG0MkNTKklxdXtpy+O9oAUE5EDqU+y\ndq6djvwnbhXGGCQweJ90sd0CAwEAAQ==\n-----END PUBLIC KEY-----\n",
            "rsa_bits": 4096
          },
          "sensitive_attributes": [],
          "private": "bnVsbA=="
        }
      ]
    }
  ]
}
